
Microsoft Visual Studio Solution File, Format Version 12.00
# Visual Studio 15
VisualStudioVersion = 15.0.27130.2036
MinimumVisualStudioVersion = 10.0.40219.1
Project("{8BC9CEB8-8B4A-11D0-8D11-00A0C91BC942}") = "1753", "1753\1753.vcxproj", "{11EAAB55-305C-4440-B03C-B898E2C68941}"
EndProject
Project("{8BC9CEB8-8B4A-11D0-8D11-00A0C91BC942}") = "7569", "7569\7569.vcxproj", "{287999CE-AF0C-4371-9D4A-24CEB1BB6C1E}"
EndProject
Project("{8BC9CEB8-8B4A-11D0-8D11-00A0C91BC942}") = "1916", "1916\1916.vcxproj", "{E523C413-A154-4684-8E18-A953013DB6CA}"
EndProject
Project("{8BC9CEB8-8B4A-11D0-8D11-00A0C91BC942}") = "1389", "1389\1389.vcxproj", "{0F15D86E-109D-43C2-9F92-ABDCFC066B6F}"
EndProject
Project("{8BC9CEB8-8B4A-11D0-8D11-00A0C91BC942}") = "1937", "1937\1937.vcxproj", "{1E4C5534-BAF5-4FA5-80AF-E38C224C665D}"
EndProject
Project("{8BC9CEB8-8B4A-11D0-8D11-00A0C91BC942}") = "10988", "10988\10988.vcxproj", "{0EB72583-DADA-411E-B13A-15003562E95F}"
EndProject
Project("{8BC9CEB8-8B4A-11D0-8D11-00A0C91BC942}") = "4504", "4504\4504.vcxproj", "{64CC424D-7A1C-419C-959B-4DB5AF0CFD1D}"
EndProject
Project("{8BC9CEB8-8B4A-11D0-8D11-00A0C91BC942}") = "1927", "1927\1927.vcxproj", "{7B788B0F-8869-4522-A353-C919E39D17C7}"
EndProject
Project("{8BC9CEB8-8B4A-11D0-8D11-00A0C91BC942}") = "10971", "10971\10971.vcxproj", "{75750A2D-4B93-4AEE-B5B8-B556EBE2608F}"
EndProject
Project("{8BC9CEB8-8B4A-11D0-8D11-00A0C91BC942}") = "2493", "2493\2493.vcxproj", "{BAAC75B8-8010-498A-97A6-20FC837FEB22}"
EndProject
Project("{8BC9CEB8-8B4A-11D0-8D11-00A0C91BC942}") = "1197", "1197\1197.vcxproj", "{A803F7E9-403E-49E7-925A-9E8D0783144F}"
EndProject
Project("{8BC9CEB8-8B4A-11D0-8D11-00A0C91BC942}") = "1406", "1406\1406.vcxproj", "{8C54E454-5A54-44EB-919D-5049F26C5F5B}"
EndProject
Project("{8BC9CEB8-8B4A-11D0-8D11-00A0C91BC942}") = "1654", "1654\1654.vcxproj", "{B4A58BA0-3B89-4D71-832A-9EBA64B5E034}"
EndProject
Project("{8BC9CEB8-8B4A-11D0-8D11-00A0C91BC942}") = "2589", "2589\2589.vcxproj", "{ABC22DCD-641F-4E1F-A384-D16037C5E251}"
EndProject
Project("{8BC9CEB8-8B4A-11D0-8D11-00A0C91BC942}") = "10451", "10451\10451.vcxproj", "{1B9BD36F-3DB7-40BD-BC49-55C4D3A7B5C2}"
EndProject
Project("{8BC9CEB8-8B4A-11D0-8D11-00A0C91BC942}") = "14647", "14647\14647.vcxproj", "{B4C13C7B-327F-4CD8-B3AC-02094AA8BDAA}"
EndProject
Project("{8BC9CEB8-8B4A-11D0-8D11-00A0C91BC942}") = "1890", "1890\1890.vcxproj", "{55516AB5-9560-4015-8BA2-99AE53F43F6D}"
EndProject
Global
	GlobalSection(SolutionConfigurationPlatforms) = preSolution
		Debug|x64 = Debug|x64
		Debug|x86 = Debug|x86
		Release|x64 = Release|x64
		Release|x86 = Release|x86
	EndGlobalSection
	GlobalSection(ProjectConfigurationPlatforms) = postSolution
		{11EAAB55-305C-4440-B03C-B898E2C68941}.Debug|x64.ActiveCfg = Debug|x64
		{11EAAB55-305C-4440-B03C-B898E2C68941}.Debug|x64.Build.0 = Debug|x64
		{11EAAB55-305C-4440-B03C-B898E2C68941}.Debug|x86.ActiveCfg = Debug|Win32
		{11EAAB55-305C-4440-B03C-B898E2C68941}.Debug|x86.Build.0 = Debug|Win32
		{11EAAB55-305C-4440-B03C-B898E2C68941}.Release|x64.ActiveCfg = Release|x64
		{11EAAB55-305C-4440-B03C-B898E2C68941}.Release|x64.Build.0 = Release|x64
		{11EAAB55-305C-4440-B03C-B898E2C68941}.Release|x86.ActiveCfg = Release|Win32
		{11EAAB55-305C-4440-B03C-B898E2C68941}.Release|x86.Build.0 = Release|Win32
		{287999CE-AF0C-4371-9D4A-24CEB1BB6C1E}.Debug|x64.ActiveCfg = Debug|x64
		{287999CE-AF0C-4371-9D4A-24CEB1BB6C1E}.Debug|x64.Build.0 = Debug|x64
		{287999CE-AF0C-4371-9D4A-24CEB1BB6C1E}.Debug|x86.ActiveCfg = Debug|Win32
		{287999CE-AF0C-4371-9D4A-24CEB1BB6C1E}.Debug|x86.Build.0 = Debug|Win32
		{287999CE-AF0C-4371-9D4A-24CEB1BB6C1E}.Release|x64.ActiveCfg = Release|x64
		{287999CE-AF0C-4371-9D4A-24CEB1BB6C1E}.Release|x64.Build.0 = Release|x64
		{287999CE-AF0C-4371-9D4A-24CEB1BB6C1E}.Release|x86.ActiveCfg = Release|Win32
		{287999CE-AF0C-4371-9D4A-24CEB1BB6C1E}.Release|x86.Build.0 = Release|Win32
		{E523C413-A154-4684-8E18-A953013DB6CA}.Debug|x64.ActiveCfg = Debug|x64
		{E523C413-A154-4684-8E18-A953013DB6CA}.Debug|x64.Build.0 = Debug|x64
		{E523C413-A154-4684-8E18-A953013DB6CA}.Debug|x86.ActiveCfg = Debug|Win32
		{E523C413-A154-4684-8E18-A953013DB6CA}.Debug|x86.Build.0 = Debug|Win32
		{E523C413-A154-4684-8E18-A953013DB6CA}.Release|x64.ActiveCfg = Release|x64
		{E523C413-A154-4684-8E18-A953013DB6CA}.Release|x64.Build.0 = Release|x64
		{E523C413-A154-4684-8E18-A953013DB6CA}.Release|x86.ActiveCfg = Release|Win32
		{E523C413-A154-4684-8E18-A953013DB6CA}.Release|x86.Build.0 = Release|Win32
		{0F15D86E-109D-43C2-9F92-ABDCFC066B6F}.Debug|x64.ActiveCfg = Debug|x64
		{0F15D86E-109D-43C2-9F92-ABDCFC066B6F}.Debug|x64.Build.0 = Debug|x64
		{0F15D86E-109D-43C2-9F92-ABDCFC066B6F}.Debug|x86.ActiveCfg = Debug|Win32
		{0F15D86E-109D-43C2-9F92-ABDCFC066B6F}.Debug|x86.Build.0 = Debug|Win32
		{0F15D86E-109D-43C2-9F92-ABDCFC066B6F}.Release|x64.ActiveCfg = Release|x64
		{0F15D86E-109D-43C2-9F92-ABDCFC066B6F}.Release|x64.Build.0 = Release|x64
		{0F15D86E-109D-43C2-9F92-ABDCFC066B6F}.Release|x86.ActiveCfg = Release|Win32
		{0F15D86E-109D-43C2-9F92-ABDCFC066B6F}.Release|x86.Build.0 = Release|Win32
		{1E4C5534-BAF5-4FA5-80AF-E38C224C665D}.Debug|x64.ActiveCfg = Debug|x64
		{1E4C5534-BAF5-4FA5-80AF-E38C224C665D}.Debug|x64.Build.0 = Debug|x64
		{1E4C5534-BAF5-4FA5-80AF-E38C224C665D}.Debug|x86.ActiveCfg = Debug|Win32
		{1E4C5534-BAF5-4FA5-80AF-E38C224C665D}.Debug|x86.Build.0 = Debug|Win32
		{1E4C5534-BAF5-4FA5-80AF-E38C224C665D}.Release|x64.ActiveCfg = Release|x64
		{1E4C5534-BAF5-4FA5-80AF-E38C224C665D}.Release|x64.Build.0 = Release|x64
		{1E4C5534-BAF5-4FA5-80AF-E38C224C665D}.Release|x86.ActiveCfg = Release|Win32
		{1E4C5534-BAF5-4FA5-80AF-E38C224C665D}.Release|x86.Build.0 = Release|Win32
		{0EB72583-DADA-411E-B13A-15003562E95F}.Debug|x64.ActiveCfg = Debug|x64
		{0EB72583-DADA-411E-B13A-15003562E95F}.Debug|x64.Build.0 = Debug|x64
		{0EB72583-DADA-411E-B13A-15003562E95F}.Debug|x86.ActiveCfg = Debug|Win32
		{0EB72583-DADA-411E-B13A-15003562E95F}.Debug|x86.Build.0 = Debug|Win32
		{0EB72583-DADA-411E-B13A-15003562E95F}.Release|x64.ActiveCfg = Release|x64
		{0EB72583-DADA-411E-B13A-15003562E95F}.Release|x64.Build.0 = Release|x64
		{0EB72583-DADA-411E-B13A-15003562E95F}.Release|x86.ActiveCfg = Release|Win32
		{0EB72583-DADA-411E-B13A-15003562E95F}.Release|x86.Build.0 = Release|Win32
		{64CC424D-7A1C-419C-959B-4DB5AF0CFD1D}.Debug|x64.ActiveCfg = Debug|x64
		{64CC424D-7A1C-419C-959B-4DB5AF0CFD1D}.Debug|x64.Build.0 = Debug|x64
		{64CC424D-7A1C-419C-959B-4DB5AF0CFD1D}.Debug|x86.ActiveCfg = Debug|Win32
		{64CC424D-7A1C-419C-959B-4DB5AF0CFD1D}.Debug|x86.Build.0 = Debug|Win32
		{64CC424D-7A1C-419C-959B-4DB5AF0CFD1D}.Release|x64.ActiveCfg = Release|x64
		{64CC424D-7A1C-419C-959B-4DB5AF0CFD1D}.Release|x64.Build.0 = Release|x64
		{64CC424D-7A1C-419C-959B-4DB5AF0CFD1D}.Release|x86.ActiveCfg = Release|Win32
		{64CC424D-7A1C-419C-959B-4DB5AF0CFD1D}.Release|x86.Build.0 = Release|Win32
		{7B788B0F-8869-4522-A353-C919E39D17C7}.Debug|x64.ActiveCfg = Debug|x64
		{7B788B0F-8869-4522-A353-C919E39D17C7}.Debug|x64.Build.0 = Debug|x64
		{7B788B0F-8869-4522-A353-C919E39D17C7}.Debug|x86.ActiveCfg = Debug|Win32
		{7B788B0F-8869-4522-A353-C919E39D17C7}.Debug|x86.Build.0 = Debug|Win32
		{7B788B0F-8869-4522-A353-C919E39D17C7}.Release|x64.ActiveCfg = Release|x64
		{7B788B0F-8869-4522-A353-C919E39D17C7}.Release|x64.Build.0 = Release|x64
		{7B788B0F-8869-4522-A353-C919E39D17C7}.Release|x86.ActiveCfg = Release|Win32
		{7B788B0F-8869-4522-A353-C919E39D17C7}.Release|x86.Build.0 = Release|Win32
		{75750A2D-4B93-4AEE-B5B8-B556EBE2608F}.Debug|x64.ActiveCfg = Debug|x64
		{75750A2D-4B93-4AEE-B5B8-B556EBE2608F}.Debug|x64.Build.0 = Debug|x64
		{75750A2D-4B93-4AEE-B5B8-B556EBE2608F}.Debug|x86.ActiveCfg = Debug|Win32
		{75750A2D-4B93-4AEE-B5B8-B556EBE2608F}.Debug|x86.Build.0 = Debug|Win32
		{75750A2D-4B93-4AEE-B5B8-B556EBE2608F}.Release|x64.ActiveCfg = Release|x64
		{75750A2D-4B93-4AEE-B5B8-B556EBE2608F}.Release|x64.Build.0 = Release|x64
		{75750A2D-4B93-4AEE-B5B8-B556EBE2608F}.Release|x86.ActiveCfg = Release|Win32
		{75750A2D-4B93-4AEE-B5B8-B556EBE2608F}.Release|x86.Build.0 = Release|Win32
		{BAAC75B8-8010-498A-97A6-20FC837FEB22}.Debug|x64.ActiveCfg = Debug|x64
		{BAAC75B8-8010-498A-97A6-20FC837FEB22}.Debug|x64.Build.0 = Debug|x64
		{BAAC75B8-8010-498A-97A6-20FC837FEB22}.Debug|x86.ActiveCfg = Debug|Win32
		{BAAC75B8-8010-498A-97A6-20FC837FEB22}.Debug|x86.Build.0 = Debug|Win32
		{BAAC75B8-8010-498A-97A6-20FC837FEB22}.Release|x64.ActiveCfg = Release|x64
		{BAAC75B8-8010-498A-97A6-20FC837FEB22}.Release|x64.Build.0 = Release|x64
		{BAAC75B8-8010-498A-97A6-20FC837FEB22}.Release|x86.ActiveCfg = Release|Win32
		{BAAC75B8-8010-498A-97A6-20FC837FEB22}.Release|x86.Build.0 = Release|Win32
		{A803F7E9-403E-49E7-925A-9E8D0783144F}.Debug|x64.ActiveCfg = Debug|x64
		{A803F7E9-403E-49E7-925A-9E8D0783144F}.Debug|x64.Build.0 = Debug|x64
		{A803F7E9-403E-49E7-925A-9E8D0783144F}.Debug|x86.ActiveCfg = Debug|Win32
		{A803F7E9-403E-49E7-925A-9E8D0783144F}.Debug|x86.Build.0 = Debug|Win32
		{A803F7E9-403E-49E7-925A-9E8D0783144F}.Release|x64.ActiveCfg = Release|x64
		{A803F7E9-403E-49E7-925A-9E8D0783144F}.Release|x64.Build.0 = Release|x64
		{A803F7E9-403E-49E7-925A-9E8D0783144F}.Release|x86.ActiveCfg = Release|Win32
		{A803F7E9-403E-49E7-925A-9E8D0783144F}.Release|x86.Build.0 = Release|Win32
		{8C54E454-5A54-44EB-919D-5049F26C5F5B}.Debug|x64.ActiveCfg = Debug|x64
		{8C54E454-5A54-44EB-919D-5049F26C5F5B}.Debug|x64.Build.0 = Debug|x64
		{8C54E454-5A54-44EB-919D-5049F26C5F5B}.Debug|x86.ActiveCfg = Debug|Win32
		{8C54E454-5A54-44EB-919D-5049F26C5F5B}.Debug|x86.Build.0 = Debug|Win32
		{8C54E454-5A54-44EB-919D-5049F26C5F5B}.Release|x64.ActiveCfg = Release|x64
		{8C54E454-5A54-44EB-919D-5049F26C5F5B}.Release|x64.Build.0 = Release|x64
		{8C54E454-5A54-44EB-919D-5049F26C5F5B}.Release|x86.ActiveCfg = Release|Win32
		{8C54E454-5A54-44EB-919D-5049F26C5F5B}.Release|x86.Build.0 = Release|Win32
		{B4A58BA0-3B89-4D71-832A-9EBA64B5E034}.Debug|x64.ActiveCfg = Debug|x64
		{B4A58BA0-3B89-4D71-832A-9EBA64B5E034}.Debug|x64.Build.0 = Debug|x64
		{B4A58BA0-3B89-4D71-832A-9EBA64B5E034}.Debug|x86.ActiveCfg = Debug|Win32
		{B4A58BA0-3B89-4D71-832A-9EBA64B5E034}.Debug|x86.Build.0 = Debug|Win32
		{B4A58BA0-3B89-4D71-832A-9EBA64B5E034}.Release|x64.ActiveCfg = Release|x64
		{B4A58BA0-3B89-4D71-832A-9EBA64B5E034}.Release|x64.Build.0 = Release|x64
		{B4A58BA0-3B89-4D71-832A-9EBA64B5E034}.Release|x86.ActiveCfg = Release|Win32
		{B4A58BA0-3B89-4D71-832A-9EBA64B5E034}.Release|x86.Build.0 = Release|Win32
		{ABC22DCD-641F-4E1F-A384-D16037C5E251}.Debug|x64.ActiveCfg = Debug|x64
		{ABC22DCD-641F-4E1F-A384-D16037C5E251}.Debug|x64.Build.0 = Debug|x64
		{ABC22DCD-641F-4E1F-A384-D16037C5E251}.Debug|x86.ActiveCfg = Debug|Win32
		{ABC22DCD-641F-4E1F-A384-D16037C5E251}.Debug|x86.Build.0 = Debug|Win32
		{ABC22DCD-641F-4E1F-A384-D16037C5E251}.Release|x64.ActiveCfg = Release|x64
		{ABC22DCD-641F-4E1F-A384-D16037C5E251}.Release|x64.Build.0 = Release|x64
		{ABC22DCD-641F-4E1F-A384-D16037C5E251}.Release|x86.ActiveCfg = Release|Win32
		{ABC22DCD-641F-4E1F-A384-D16037C5E251}.Release|x86.Build.0 = Release|Win32
		{1B9BD36F-3DB7-40BD-BC49-55C4D3A7B5C2}.Debug|x64.ActiveCfg = Debug|x64
		{1B9BD36F-3DB7-40BD-BC49-55C4D3A7B5C2}.Debug|x64.Build.0 = Debug|x64
		{1B9BD36F-3DB7-40BD-BC49-55C4D3A7B5C2}.Debug|x86.ActiveCfg = Debug|Win32
		{1B9BD36F-3DB7-40BD-BC49-55C4D3A7B5C2}.Debug|x86.Build.0 = Debug|Win32
		{1B9BD36F-3DB7-40BD-BC49-55C4D3A7B5C2}.Release|x64.ActiveCfg = Release|x64
		{1B9BD36F-3DB7-40BD-BC49-55C4D3A7B5C2}.Release|x64.Build.0 = Release|x64
		{1B9BD36F-3DB7-40BD-BC49-55C4D3A7B5C2}.Release|x86.ActiveCfg = Release|Win32
		{1B9BD36F-3DB7-40BD-BC49-55C4D3A7B5C2}.Release|x86.Build.0 = Release|Win32
		{B4C13C7B-327F-4CD8-B3AC-02094AA8BDAA}.Debug|x64.ActiveCfg = Debug|x64
		{B4C13C7B-327F-4CD8-B3AC-02094AA8BDAA}.Debug|x64.Build.0 = Debug|x64
		{B4C13C7B-327F-4CD8-B3AC-02094AA8BDAA}.Debug|x86.ActiveCfg = Debug|Win32
		{B4C13C7B-327F-4CD8-B3AC-02094AA8BDAA}.Debug|x86.Build.0 = Debug|Win32
		{B4C13C7B-327F-4CD8-B3AC-02094AA8BDAA}.Release|x64.ActiveCfg = Release|x64
		{B4C13C7B-327F-4CD8-B3AC-02094AA8BDAA}.Release|x64.Build.0 = Release|x64
		{B4C13C7B-327F-4CD8-B3AC-02094AA8BDAA}.Release|x86.ActiveCfg = Release|Win32
		{B4C13C7B-327F-4CD8-B3AC-02094AA8BDAA}.Release|x86.Build.0 = Release|Win32
		{55516AB5-9560-4015-8BA2-99AE53F43F6D}.Debug|x64.ActiveCfg = Debug|x64
		{55516AB5-9560-4015-8BA2-99AE53F43F6D}.Debug|x64.Build.0 = Debug|x64
		{55516AB5-9560-4015-8BA2-99AE53F43F6D}.Debug|x86.ActiveCfg = Debug|Win32
		{55516AB5-9560-4015-8BA2-99AE53F43F6D}.Debug|x86.Build.0 = Debug|Win32
		{55516AB5-9560-4015-8BA2-99AE53F43F6D}.Release|x64.ActiveCfg = Release|x64
		{55516AB5-9560-4015-8BA2-99AE53F43F6D}.Release|x64.Build.0 = Release|x64
		{55516AB5-9560-4015-8BA2-99AE53F43F6D}.Release|x86.ActiveCfg = Release|Win32
		{55516AB5-9560-4015-8BA2-99AE53F43F6D}.Release|x86.Build.0 = Release|Win32
	EndGlobalSection
	GlobalSection(SolutionProperties) = preSolution
		HideSolutionNode = FALSE
	EndGlobalSection
	GlobalSection(ExtensibilityGlobals) = postSolution
		SolutionGuid = {DAB66054-370F-4086-A5A7-C6B1D791C7F1}
	EndGlobalSection
EndGlobal
