
Microsoft Visual Studio Solution File, Format Version 12.00
# Visual Studio 15
VisualStudioVersion = 15.0.27703.1
MinimumVisualStudioVersion = 10.0.40219.1
Project("{8BC9CEB8-8B4A-11D0-8D11-00A0C91BC942}") = "1753", "1753\1753.vcxproj", "{11EAAB55-305C-4440-B03C-B898E2C68941}"
EndProject
Project("{8BC9CEB8-8B4A-11D0-8D11-00A0C91BC942}") = "7569", "7569\7569.vcxproj", "{287999CE-AF0C-4371-9D4A-24CEB1BB6C1E}"
EndProject
Project("{8BC9CEB8-8B4A-11D0-8D11-00A0C91BC942}") = "1916", "1916\1916.vcxproj", "{E523C413-A154-4684-8E18-A953013DB6CA}"
EndProject
Project("{8BC9CEB8-8B4A-11D0-8D11-00A0C91BC942}") = "1389", "1389\1389.vcxproj", "{0F15D86E-109D-43C2-9F92-ABDCFC066B6F}"
EndProject
Project("{8BC9CEB8-8B4A-11D0-8D11-00A0C91BC942}") = "1937", "1937\1937.vcxproj", "{1E4C5534-BAF5-4FA5-80AF-E38C224C665D}"
EndProject
Project("{8BC9CEB8-8B4A-11D0-8D11-00A0C91BC942}") = "10988", "10988\10988.vcxproj", "{0EB72583-DADA-411E-B13A-15003562E95F}"
EndProject
Project("{8BC9CEB8-8B4A-11D0-8D11-00A0C91BC942}") = "4504", "4504\4504.vcxproj", "{64CC424D-7A1C-419C-959B-4DB5AF0CFD1D}"
EndProject
Project("{8BC9CEB8-8B4A-11D0-8D11-00A0C91BC942}") = "1927", "1927\1927.vcxproj", "{7B788B0F-8869-4522-A353-C919E39D17C7}"
EndProject
Project("{8BC9CEB8-8B4A-11D0-8D11-00A0C91BC942}") = "10971", "10971\10971.vcxproj", "{75750A2D-4B93-4AEE-B5B8-B556EBE2608F}"
EndProject
Project("{8BC9CEB8-8B4A-11D0-8D11-00A0C91BC942}") = "2493", "2493\2493.vcxproj", "{BAAC75B8-8010-498A-97A6-20FC837FEB22}"
EndProject
Project("{8BC9CEB8-8B4A-11D0-8D11-00A0C91BC942}") = "1197", "1197\1197.vcxproj", "{A803F7E9-403E-49E7-925A-9E8D0783144F}"
EndProject
Project("{8BC9CEB8-8B4A-11D0-8D11-00A0C91BC942}") = "1406", "1406\1406.vcxproj", "{8C54E454-5A54-44EB-919D-5049F26C5F5B}"
EndProject
Project("{8BC9CEB8-8B4A-11D0-8D11-00A0C91BC942}") = "1654", "1654\1654.vcxproj", "{B4A58BA0-3B89-4D71-832A-9EBA64B5E034}"
EndProject
Project("{8BC9CEB8-8B4A-11D0-8D11-00A0C91BC942}") = "2589", "2589\2589.vcxproj", "{ABC22DCD-641F-4E1F-A384-D16037C5E251}"
EndProject
Project("{8BC9CEB8-8B4A-11D0-8D11-00A0C91BC942}") = "10451", "10451\10451.vcxproj", "{1B9BD36F-3DB7-40BD-BC49-55C4D3A7B5C2}"
EndProject
Project("{8BC9CEB8-8B4A-11D0-8D11-00A0C91BC942}") = "14647", "14647\14647.vcxproj", "{B4C13C7B-327F-4CD8-B3AC-02094AA8BDAA}"
EndProject
Project("{8BC9CEB8-8B4A-11D0-8D11-00A0C91BC942}") = "1890", "1890\1890.vcxproj", "{55516AB5-9560-4015-8BA2-99AE53F43F6D}"
EndProject
Project("{8BC9CEB8-8B4A-11D0-8D11-00A0C91BC942}") = "1915", "1915\1915.vcxproj", "{1DF2CD3C-4293-4BF3-842B-7FDBDE223EEB}"
EndProject
Project("{8BC9CEB8-8B4A-11D0-8D11-00A0C91BC942}") = "7287", "7287\7287.vcxproj", "{AAEF59B3-A63B-47E4-84EC-5A1083526C58}"
EndProject
Project("{8BC9CEB8-8B4A-11D0-8D11-00A0C91BC942}") = "10172", "10172\10172.vcxproj", "{085A64BD-E41A-4F85-A917-93C1C65476BD}"
EndProject
Project("{8BC9CEB8-8B4A-11D0-8D11-00A0C91BC942}") = "10718", "10718\10718.vcxproj", "{70336006-4B2E-4560-BA24-E8FD67FD2605}"
EndProject
Project("{8BC9CEB8-8B4A-11D0-8D11-00A0C91BC942}") = "11718", "11718\11718.vcxproj", "{3F6C7BC5-68EB-46CE-97C6-0391DDDB01C0}"
EndProject
Project("{8BC9CEB8-8B4A-11D0-8D11-00A0C91BC942}") = "1475", "1475\1475.vcxproj", "{05A66DE5-86A6-440C-A414-DFFEDA2F42BB}"
EndProject
Project("{8BC9CEB8-8B4A-11D0-8D11-00A0C91BC942}") = "1516", "1516\1516.vcxproj", "{80978913-C3BE-41F3-81E8-DE6031E2865D}"
EndProject
Project("{8BC9CEB8-8B4A-11D0-8D11-00A0C91BC942}") = "test", "test\test.vcxproj", "{A3D44BC5-D6F0-456D-9175-34B64290A107}"
EndProject
Project("{8BC9CEB8-8B4A-11D0-8D11-00A0C91BC942}") = "Prime", "Prime\Prime.vcxproj", "{F5C4B2A1-222E-4290-B433-72BA5C41A5EA}"
EndProject
Project("{8BC9CEB8-8B4A-11D0-8D11-00A0C91BC942}") = "4673", "4673\4673.vcxproj", "{4350907A-FB53-422B-8FA6-9B2455C59876}"
EndProject
Project("{8BC9CEB8-8B4A-11D0-8D11-00A0C91BC942}") = "1065", "1065\1065.vcxproj", "{0B73AF1A-7C96-40AE-9B5F-AF2EB51054DC}"
EndProject
Project("{8BC9CEB8-8B4A-11D0-8D11-00A0C91BC942}") = "1924", "1924\1924.vcxproj", "{3739FE2B-CA03-442C-87D6-310F46FC7D1B}"
EndProject
Project("{8BC9CEB8-8B4A-11D0-8D11-00A0C91BC942}") = "1932", "1932\1932.vcxproj", "{E6879007-21B0-42B3-83CA-D08F219E3770}"
EndProject
Project("{8BC9CEB8-8B4A-11D0-8D11-00A0C91BC942}") = "9461", "9461\9461.vcxproj", "{849C9894-DBDC-44B9-B281-4D5B43782D06}"
EndProject
Project("{8BC9CEB8-8B4A-11D0-8D11-00A0C91BC942}") = "MagicSquare", "MagicSquare\MagicSquare.vcxproj", "{98ED5248-AF83-4764-A196-50892942A958}"
EndProject
Project("{8BC9CEB8-8B4A-11D0-8D11-00A0C91BC942}") = "test_cpp", "test_cpp\test_cpp.vcxproj", "{1A8970C9-2A24-4394-B80B-F44F7D824DB3}"
EndProject
Project("{8BC9CEB8-8B4A-11D0-8D11-00A0C91BC942}") = "sort", "sort\sort.vcxproj", "{AD4C721D-51F1-4606-9286-1F1C40219370}"
EndProject
Project("{8BC9CEB8-8B4A-11D0-8D11-00A0C91BC942}") = "1931", "1931\1931.vcxproj", "{D600DA39-C406-4E29-8990-2ADB5FB71AD5}"
EndProject
Project("{8BC9CEB8-8B4A-11D0-8D11-00A0C91BC942}") = "2252", "2252\2252.vcxproj", "{2A7585AE-80F2-4322-8210-CB821CE93621}"
EndProject
Project("{8BC9CEB8-8B4A-11D0-8D11-00A0C91BC942}") = "hanoi", "hanoi\hanoi.vcxproj", "{55316F59-C749-4CF2-978C-428C459B2485}"
EndProject
Project("{8BC9CEB8-8B4A-11D0-8D11-00A0C91BC942}") = "test_cpp2", "test_cpp2\test_cpp2.vcxproj", "{E82320C0-DF3A-40E6-8F5C-9B0EFF3321F1}"
EndProject
Project("{8BC9CEB8-8B4A-11D0-8D11-00A0C91BC942}") = "2133", "2133\2133.vcxproj", "{BAC870B5-00A2-4706-AAA9-989161DD3611}"
EndProject
Project("{8BC9CEB8-8B4A-11D0-8D11-00A0C91BC942}") = "2583", "2583\2583.vcxproj", "{E7046530-8D55-4634-B316-B7FC1C795232}"
EndProject
Project("{8BC9CEB8-8B4A-11D0-8D11-00A0C91BC942}") = "10819", "10819\10819.vcxproj", "{CFEE8D20-2E59-4154-8E91-B822CCCE73BD}"
EndProject
Project("{8BC9CEB8-8B4A-11D0-8D11-00A0C91BC942}") = "2420", "2420\2420.vcxproj", "{FCF25D53-0708-4B2C-89CD-F4314A364324}"
EndProject
Project("{8BC9CEB8-8B4A-11D0-8D11-00A0C91BC942}") = "11055", "11055\11055.vcxproj", "{56AF14AB-7FA4-4E26-93C4-DA54994ABF9B}"
EndProject
Project("{8BC9CEB8-8B4A-11D0-8D11-00A0C91BC942}") = "1965", "1965\1965.vcxproj", "{187AE2D4-B253-4112-B1DB-262C03B73637}"
EndProject
Project("{8BC9CEB8-8B4A-11D0-8D11-00A0C91BC942}") = "10942", "10942\10942.vcxproj", "{CFD47C62-DB26-4784-9D11-B8DD00CD7C01}"
EndProject
Project("{8BC9CEB8-8B4A-11D0-8D11-00A0C91BC942}") = "2096", "2096\2096.vcxproj", "{031485C3-5FD7-47E9-95F8-8D158C4E0B42}"
EndProject
Project("{8BC9CEB8-8B4A-11D0-8D11-00A0C91BC942}") = "1987", "1987\1987.vcxproj", "{072B843D-AB58-444F-BFDD-0B04C26E775F}"
EndProject
Project("{8BC9CEB8-8B4A-11D0-8D11-00A0C91BC942}") = "2468", "2468\2468.vcxproj", "{000F883F-0A07-4FEA-92D1-5F91865FA8C1}"
EndProject
Project("{8BC9CEB8-8B4A-11D0-8D11-00A0C91BC942}") = "11866", "11866\11866.vcxproj", "{EE82DA53-99CE-458A-AF2D-8835CDD1B1FA}"
EndProject
Project("{8BC9CEB8-8B4A-11D0-8D11-00A0C91BC942}") = "1991", "1991\1991.vcxproj", "{1E09C41D-A6EF-41E6-886B-24137AC91A55}"
EndProject
Project("{8BC9CEB8-8B4A-11D0-8D11-00A0C91BC942}") = "9663", "9663\9663.vcxproj", "{B40F752E-D817-46C6-AFB3-8B6E62072B6C}"
EndProject
Project("{8BC9CEB8-8B4A-11D0-8D11-00A0C91BC942}") = "1373", "1373\1373.vcxproj", "{E9B1BCCD-10E6-49A7-9DE6-424B9E365494}"
EndProject
Project("{8BC9CEB8-8B4A-11D0-8D11-00A0C91BC942}") = "1476", "1476\1476.vcxproj", "{618A653F-18C0-47AF-8899-3F88CC4CC86A}"
EndProject
Project("{8BC9CEB8-8B4A-11D0-8D11-00A0C91BC942}") = "2587", "2587\2587.vcxproj", "{5BE448B9-9F7D-4494-A342-9D9546C5BE79}"
EndProject
Project("{8BC9CEB8-8B4A-11D0-8D11-00A0C91BC942}") = "4963", "4963\4963.vcxproj", "{E718C76B-D3F2-4DDD-BCD6-CA0D88302558}"
EndProject
Project("{8BC9CEB8-8B4A-11D0-8D11-00A0C91BC942}") = "1759", "1759\1759.vcxproj", "{7FD7AAC1-1D33-4E22-87CB-845B5EB2D388}"
EndProject
Project("{8BC9CEB8-8B4A-11D0-8D11-00A0C91BC942}") = "10156", "10156\10156.vcxproj", "{7D8DFB1E-B48F-44EE-8DCD-15937DC2FBB8}"
EndProject
Project("{8BC9CEB8-8B4A-11D0-8D11-00A0C91BC942}") = "2864", "2864\2864.vcxproj", "{9F42FBCA-164D-4BC2-88CB-93DBADF96E08}"
EndProject
Project("{8BC9CEB8-8B4A-11D0-8D11-00A0C91BC942}") = "1764", "1764\1764.vcxproj", "{F4CDFF86-E1A5-4E07-A155-C801BDD41C9A}"
EndProject
Project("{8BC9CEB8-8B4A-11D0-8D11-00A0C91BC942}") = "make_start", "make_start\make_start.vcxproj", "{6FD1DEB4-0D9B-4C76-95D2-12090F0B96CE}"
EndProject
Project("{8BC9CEB8-8B4A-11D0-8D11-00A0C91BC942}") = "1350", "1350\1350.vcxproj", "{54A0940D-5496-43D0-ACF4-46CA2109C592}"
EndProject
Project("{8BC9CEB8-8B4A-11D0-8D11-00A0C91BC942}") = "2011", "2011\2011.vcxproj", "{BC27FAC6-920C-44C5-A556-C9CFFB977A1F}"
EndProject
Project("{8BC9CEB8-8B4A-11D0-8D11-00A0C91BC942}") = "1012", "1012\1012.vcxproj", "{D2D676AA-399C-453A-8B05-8F93058B9593}"
EndProject
Project("{8BC9CEB8-8B4A-11D0-8D11-00A0C91BC942}") = "5014", "5014\5014.vcxproj", "{E2EBFC31-0319-4C88-BA21-0AD3800CC26C}"
EndProject
Project("{8BC9CEB8-8B4A-11D0-8D11-00A0C91BC942}") = "1922", "1922\1922.vcxproj", "{ED26C0A3-BA86-49C0-97A2-8F4E37C33FB2}"
EndProject
Project("{8BC9CEB8-8B4A-11D0-8D11-00A0C91BC942}") = "1992", "1992\1992.vcxproj", "{A03CB6A8-B4AA-4A8C-A0D0-B9D58EEBB215}"
EndProject
Project("{8BC9CEB8-8B4A-11D0-8D11-00A0C91BC942}") = "2606", "2606\2606.vcxproj", "{2C720D49-23D3-497E-886B-0350782ED37E}"
EndProject
Project("{8BC9CEB8-8B4A-11D0-8D11-00A0C91BC942}") = "10757", "10757\10757.vcxproj", "{21F891A9-C577-4153-849F-8F77F92F2835}"
EndProject
Project("{8BC9CEB8-8B4A-11D0-8D11-00A0C91BC942}") = "ascii", "ascii\ascii.vcxproj", "{75F87EC9-1572-4100-B716-71D51F4466FD}"
EndProject
Project("{8BC9CEB8-8B4A-11D0-8D11-00A0C91BC942}") = "5988", "5988\5988.vcxproj", "{A60F8553-0F46-4946-8572-FE4193487D44}"
EndProject
Project("{8BC9CEB8-8B4A-11D0-8D11-00A0C91BC942}") = "5717", "5717\5717.vcxproj", "{B9DD191D-200C-4556-8A25-CF397B606C4E}"
EndProject
Project("{8BC9CEB8-8B4A-11D0-8D11-00A0C91BC942}") = "10974", "10974\10974.vcxproj", "{9931E6D7-525C-4133-995A-6026FF6C47EA}"
EndProject
Project("{8BC9CEB8-8B4A-11D0-8D11-00A0C91BC942}") = "11005", "11005\11005.vcxproj", "{0C99A569-6032-42F1-AFAE-FEE7E9961FA3}"
EndProject
Project("{8BC9CEB8-8B4A-11D0-8D11-00A0C91BC942}") = "9237", "9237\9237.vcxproj", "{11897929-92C0-4E55-AD00-D71713AD20B3}"
EndProject
Project("{8BC9CEB8-8B4A-11D0-8D11-00A0C91BC942}") = "2750", "2750\2750.vcxproj", "{ACC2F31F-84AF-4F5B-A0EC-5EADDF001C77}"
EndProject
Project("{8BC9CEB8-8B4A-11D0-8D11-00A0C91BC942}") = "2098", "2098\2098.vcxproj", "{45DBBD33-EEF3-4401-894B-2621BAF55BD6}"
EndProject
Project("{8BC9CEB8-8B4A-11D0-8D11-00A0C91BC942}") = "2042", "2042\2042.vcxproj", "{176F6830-4C2E-4F14-8E20-424C1493C85E}"
EndProject
Project("{8BC9CEB8-8B4A-11D0-8D11-00A0C91BC942}") = "20170920_CPC_A", "20170920_CPC_A\20170920_CPC_A.vcxproj", "{D90C51C2-943D-4EA7-A399-89AA832E36BA}"
EndProject
Project("{8BC9CEB8-8B4A-11D0-8D11-00A0C91BC942}") = "20170920_CPC_D", "20170920_CPC_D\20170920_CPC_D.vcxproj", "{F7FD5B8F-8F66-4102-A70A-700FBD987742}"
EndProject
Project("{8BC9CEB8-8B4A-11D0-8D11-00A0C91BC942}") = "20170920_CPC_E", "20170920_CPC_E\20170920_CPC_E.vcxproj", "{E43FCECA-96E3-40B4-BDBB-CD8190C56F9B}"
EndProject
Project("{8BC9CEB8-8B4A-11D0-8D11-00A0C91BC942}") = "20170920_CPC_F", "20170920_CPC_F\20170920_CPC_F.vcxproj", "{AE4E2CF4-8F07-4266-AEE6-6BFB7A279BCA}"
EndProject
Project("{8BC9CEB8-8B4A-11D0-8D11-00A0C91BC942}") = "20170920_CPC_G", "20170920_CPC_G\20170920_CPC_G.vcxproj", "{C7BD3D84-1EB9-49AD-81D7-74E769AA51B2}"
EndProject
Project("{8BC9CEB8-8B4A-11D0-8D11-00A0C91BC942}") = "20170920_CPC_C", "20170920_CPC_C\20170920_CPC_C.vcxproj", "{66A2803D-7737-4E15-8625-E422FE5F1F7B}"
EndProject
Project("{8BC9CEB8-8B4A-11D0-8D11-00A0C91BC942}") = "20170920_CPC_B", "20170920_CPC_B\20170920_CPC_B.vcxproj", "{6452334B-B2D7-44CE-9539-03F3C06A8CB2}"
EndProject
Project("{8BC9CEB8-8B4A-11D0-8D11-00A0C91BC942}") = "1865", "1865\1865.vcxproj", "{CF78015E-45E6-475C-BCAB-655858DB00A1}"
EndProject
Project("{8BC9CEB8-8B4A-11D0-8D11-00A0C91BC942}") = "11657", "11657\11657.vcxproj", "{B8464121-556B-4962-A1F5-A07DA10DB2A5}"
EndProject
Project("{8BC9CEB8-8B4A-11D0-8D11-00A0C91BC942}") = "1766", "1766\1766.vcxproj", "{EEE9A263-4CAD-49EC-8FFB-AAD70C6B0CE8}"
EndProject
Project("{8BC9CEB8-8B4A-11D0-8D11-00A0C91BC942}") = "1781", "1781\1781.vcxproj", "{21B3C7EC-B0C0-48CA-B473-72077C53D9F1}"
EndProject
Project("{8BC9CEB8-8B4A-11D0-8D11-00A0C91BC942}") = "2981", "2981\2981.vcxproj", "{6DA3F08E-6C14-4D3E-A2E9-D94236A8102A}"
EndProject
Project("{8BC9CEB8-8B4A-11D0-8D11-00A0C91BC942}") = "10834", "10834\10834.vcxproj", "{838D52CB-92CA-47CE-A8BE-0FBFB7033AD3}"
EndProject
Project("{8BC9CEB8-8B4A-11D0-8D11-00A0C91BC942}") = "14728", "14728\14728.vcxproj", "{AAC51354-F046-4937-953A-4DF41B534D67}"
EndProject
Project("{8BC9CEB8-8B4A-11D0-8D11-00A0C91BC942}") = "14731", "14731\14731.vcxproj", "{48A6EE25-6714-4F96-81BD-EC12588536AB}"
EndProject
Project("{8BC9CEB8-8B4A-11D0-8D11-00A0C91BC942}") = "11054", "11054\11054.vcxproj", "{6173A7ED-622A-44E1-B1A6-8C8A9863F559}"
EndProject
Project("{8BC9CEB8-8B4A-11D0-8D11-00A0C91BC942}") = "2225", "2225\2225.vcxproj", "{661A87D7-7A06-4098-B972-F13CCD3AC8F3}"
EndProject
Project("{8BC9CEB8-8B4A-11D0-8D11-00A0C91BC942}") = "1238", "1238\1238.vcxproj", "{9A04EF11-61AE-4695-A80F-AF7F496C6AEB}"
EndProject
Project("{8BC9CEB8-8B4A-11D0-8D11-00A0C91BC942}") = "2512", "2512\2512.vcxproj", "{7AFC8A99-528D-4121-A5EE-DE09F596F6FE}"
EndProject
Project("{8BC9CEB8-8B4A-11D0-8D11-00A0C91BC942}") = "3055", "3055\3055.vcxproj", "{07D1AFA9-F96B-46F3-B4C3-355F6FC73338}"
EndProject
Project("{8BC9CEB8-8B4A-11D0-8D11-00A0C91BC942}") = "1392", "1392\1392.vcxproj", "{A0A29F72-2A02-4C22-8D84-EC5C3DB8690E}"
EndProject
Project("{8BC9CEB8-8B4A-11D0-8D11-00A0C91BC942}") = "9656", "9656\9656.vcxproj", "{7259E4E3-64E4-444C-B18D-EB245FE6FE06}"
EndProject
Project("{8BC9CEB8-8B4A-11D0-8D11-00A0C91BC942}") = "14569", "14569\14569.vcxproj", "{3538017E-D7B8-4CA1-8E90-EB60950DCE0B}"
EndProject
Project("{8BC9CEB8-8B4A-11D0-8D11-00A0C91BC942}") = "14494", "14494\14494.vcxproj", "{C2BFA5BC-739E-4616-BC25-0B7B4F6326D2}"
EndProject
Project("{8BC9CEB8-8B4A-11D0-8D11-00A0C91BC942}") = "14659", "14659\14659.vcxproj", "{413BA610-FC65-4345-BB47-A29B0E7A6C1C}"
EndProject
Project("{8BC9CEB8-8B4A-11D0-8D11-00A0C91BC942}") = "11659", "11659\11659.vcxproj", "{7B9848BF-8A70-4404-AE18-456597085C03}"
EndProject
Project("{8BC9CEB8-8B4A-11D0-8D11-00A0C91BC942}") = "2188", "2188\2188.vcxproj", "{FCC0E9D7-891C-4BB9-B3CF-2C89968A6A59}"
EndProject
Project("{8BC9CEB8-8B4A-11D0-8D11-00A0C91BC942}") = "11375", "11375\11375.vcxproj", "{84F02F7D-5A34-4BE0-AEF1-51AA47291989}"
EndProject
Project("{8BC9CEB8-8B4A-11D0-8D11-00A0C91BC942}") = "14503", "14503\14503.vcxproj", "{027398B0-8198-4E7E-A2CF-9491F6A99D8A}"
EndProject
Project("{8BC9CEB8-8B4A-11D0-8D11-00A0C91BC942}") = "14502", "14502\14502.vcxproj", "{3C8DDDE8-954D-4282-B0CA-B01F4E330324}"
EndProject
Project("{8BC9CEB8-8B4A-11D0-8D11-00A0C91BC942}") = "14501", "14501\14501.vcxproj", "{FF9655B4-4525-45D8-80F8-330F21D62845}"
EndProject
Project("{8BC9CEB8-8B4A-11D0-8D11-00A0C91BC942}") = "14499", "14499\14499.vcxproj", "{9D4F160B-A679-40B6-BD5E-1E4D13C62DC9}"
EndProject
Project("{8BC9CEB8-8B4A-11D0-8D11-00A0C91BC942}") = "14500", "14500\14500.vcxproj", "{E5F66870-4005-4D96-BE91-45C037D5E1CB}"
EndProject
Global
	GlobalSection(SolutionConfigurationPlatforms) = preSolution
		Debug|x64 = Debug|x64
		Debug|x86 = Debug|x86
		Release|x64 = Release|x64
		Release|x86 = Release|x86
	EndGlobalSection
	GlobalSection(ProjectConfigurationPlatforms) = postSolution
		{11EAAB55-305C-4440-B03C-B898E2C68941}.Debug|x64.ActiveCfg = Debug|x64
		{11EAAB55-305C-4440-B03C-B898E2C68941}.Debug|x64.Build.0 = Debug|x64
		{11EAAB55-305C-4440-B03C-B898E2C68941}.Debug|x86.ActiveCfg = Debug|Win32
		{11EAAB55-305C-4440-B03C-B898E2C68941}.Debug|x86.Build.0 = Debug|Win32
		{11EAAB55-305C-4440-B03C-B898E2C68941}.Release|x64.ActiveCfg = Release|x64
		{11EAAB55-305C-4440-B03C-B898E2C68941}.Release|x64.Build.0 = Release|x64
		{11EAAB55-305C-4440-B03C-B898E2C68941}.Release|x86.ActiveCfg = Release|Win32
		{11EAAB55-305C-4440-B03C-B898E2C68941}.Release|x86.Build.0 = Release|Win32
		{287999CE-AF0C-4371-9D4A-24CEB1BB6C1E}.Debug|x64.ActiveCfg = Debug|x64
		{287999CE-AF0C-4371-9D4A-24CEB1BB6C1E}.Debug|x64.Build.0 = Debug|x64
		{287999CE-AF0C-4371-9D4A-24CEB1BB6C1E}.Debug|x86.ActiveCfg = Debug|Win32
		{287999CE-AF0C-4371-9D4A-24CEB1BB6C1E}.Debug|x86.Build.0 = Debug|Win32
		{287999CE-AF0C-4371-9D4A-24CEB1BB6C1E}.Release|x64.ActiveCfg = Release|x64
		{287999CE-AF0C-4371-9D4A-24CEB1BB6C1E}.Release|x64.Build.0 = Release|x64
		{287999CE-AF0C-4371-9D4A-24CEB1BB6C1E}.Release|x86.ActiveCfg = Release|Win32
		{287999CE-AF0C-4371-9D4A-24CEB1BB6C1E}.Release|x86.Build.0 = Release|Win32
		{E523C413-A154-4684-8E18-A953013DB6CA}.Debug|x64.ActiveCfg = Debug|x64
		{E523C413-A154-4684-8E18-A953013DB6CA}.Debug|x64.Build.0 = Debug|x64
		{E523C413-A154-4684-8E18-A953013DB6CA}.Debug|x86.ActiveCfg = Debug|Win32
		{E523C413-A154-4684-8E18-A953013DB6CA}.Debug|x86.Build.0 = Debug|Win32
		{E523C413-A154-4684-8E18-A953013DB6CA}.Release|x64.ActiveCfg = Release|x64
		{E523C413-A154-4684-8E18-A953013DB6CA}.Release|x64.Build.0 = Release|x64
		{E523C413-A154-4684-8E18-A953013DB6CA}.Release|x86.ActiveCfg = Release|Win32
		{E523C413-A154-4684-8E18-A953013DB6CA}.Release|x86.Build.0 = Release|Win32
		{0F15D86E-109D-43C2-9F92-ABDCFC066B6F}.Debug|x64.ActiveCfg = Debug|x64
		{0F15D86E-109D-43C2-9F92-ABDCFC066B6F}.Debug|x64.Build.0 = Debug|x64
		{0F15D86E-109D-43C2-9F92-ABDCFC066B6F}.Debug|x86.ActiveCfg = Debug|Win32
		{0F15D86E-109D-43C2-9F92-ABDCFC066B6F}.Debug|x86.Build.0 = Debug|Win32
		{0F15D86E-109D-43C2-9F92-ABDCFC066B6F}.Release|x64.ActiveCfg = Release|x64
		{0F15D86E-109D-43C2-9F92-ABDCFC066B6F}.Release|x64.Build.0 = Release|x64
		{0F15D86E-109D-43C2-9F92-ABDCFC066B6F}.Release|x86.ActiveCfg = Release|Win32
		{0F15D86E-109D-43C2-9F92-ABDCFC066B6F}.Release|x86.Build.0 = Release|Win32
		{1E4C5534-BAF5-4FA5-80AF-E38C224C665D}.Debug|x64.ActiveCfg = Debug|x64
		{1E4C5534-BAF5-4FA5-80AF-E38C224C665D}.Debug|x64.Build.0 = Debug|x64
		{1E4C5534-BAF5-4FA5-80AF-E38C224C665D}.Debug|x86.ActiveCfg = Debug|Win32
		{1E4C5534-BAF5-4FA5-80AF-E38C224C665D}.Debug|x86.Build.0 = Debug|Win32
		{1E4C5534-BAF5-4FA5-80AF-E38C224C665D}.Release|x64.ActiveCfg = Release|x64
		{1E4C5534-BAF5-4FA5-80AF-E38C224C665D}.Release|x64.Build.0 = Release|x64
		{1E4C5534-BAF5-4FA5-80AF-E38C224C665D}.Release|x86.ActiveCfg = Release|Win32
		{1E4C5534-BAF5-4FA5-80AF-E38C224C665D}.Release|x86.Build.0 = Release|Win32
		{0EB72583-DADA-411E-B13A-15003562E95F}.Debug|x64.ActiveCfg = Debug|x64
		{0EB72583-DADA-411E-B13A-15003562E95F}.Debug|x64.Build.0 = Debug|x64
		{0EB72583-DADA-411E-B13A-15003562E95F}.Debug|x86.ActiveCfg = Debug|Win32
		{0EB72583-DADA-411E-B13A-15003562E95F}.Debug|x86.Build.0 = Debug|Win32
		{0EB72583-DADA-411E-B13A-15003562E95F}.Release|x64.ActiveCfg = Release|x64
		{0EB72583-DADA-411E-B13A-15003562E95F}.Release|x64.Build.0 = Release|x64
		{0EB72583-DADA-411E-B13A-15003562E95F}.Release|x86.ActiveCfg = Release|Win32
		{0EB72583-DADA-411E-B13A-15003562E95F}.Release|x86.Build.0 = Release|Win32
		{64CC424D-7A1C-419C-959B-4DB5AF0CFD1D}.Debug|x64.ActiveCfg = Debug|x64
		{64CC424D-7A1C-419C-959B-4DB5AF0CFD1D}.Debug|x64.Build.0 = Debug|x64
		{64CC424D-7A1C-419C-959B-4DB5AF0CFD1D}.Debug|x86.ActiveCfg = Debug|Win32
		{64CC424D-7A1C-419C-959B-4DB5AF0CFD1D}.Debug|x86.Build.0 = Debug|Win32
		{64CC424D-7A1C-419C-959B-4DB5AF0CFD1D}.Release|x64.ActiveCfg = Release|x64
		{64CC424D-7A1C-419C-959B-4DB5AF0CFD1D}.Release|x64.Build.0 = Release|x64
		{64CC424D-7A1C-419C-959B-4DB5AF0CFD1D}.Release|x86.ActiveCfg = Release|Win32
		{64CC424D-7A1C-419C-959B-4DB5AF0CFD1D}.Release|x86.Build.0 = Release|Win32
		{7B788B0F-8869-4522-A353-C919E39D17C7}.Debug|x64.ActiveCfg = Debug|x64
		{7B788B0F-8869-4522-A353-C919E39D17C7}.Debug|x64.Build.0 = Debug|x64
		{7B788B0F-8869-4522-A353-C919E39D17C7}.Debug|x86.ActiveCfg = Debug|Win32
		{7B788B0F-8869-4522-A353-C919E39D17C7}.Debug|x86.Build.0 = Debug|Win32
		{7B788B0F-8869-4522-A353-C919E39D17C7}.Release|x64.ActiveCfg = Release|x64
		{7B788B0F-8869-4522-A353-C919E39D17C7}.Release|x64.Build.0 = Release|x64
		{7B788B0F-8869-4522-A353-C919E39D17C7}.Release|x86.ActiveCfg = Release|Win32
		{7B788B0F-8869-4522-A353-C919E39D17C7}.Release|x86.Build.0 = Release|Win32
		{75750A2D-4B93-4AEE-B5B8-B556EBE2608F}.Debug|x64.ActiveCfg = Debug|x64
		{75750A2D-4B93-4AEE-B5B8-B556EBE2608F}.Debug|x64.Build.0 = Debug|x64
		{75750A2D-4B93-4AEE-B5B8-B556EBE2608F}.Debug|x86.ActiveCfg = Debug|Win32
		{75750A2D-4B93-4AEE-B5B8-B556EBE2608F}.Debug|x86.Build.0 = Debug|Win32
		{75750A2D-4B93-4AEE-B5B8-B556EBE2608F}.Release|x64.ActiveCfg = Release|x64
		{75750A2D-4B93-4AEE-B5B8-B556EBE2608F}.Release|x64.Build.0 = Release|x64
		{75750A2D-4B93-4AEE-B5B8-B556EBE2608F}.Release|x86.ActiveCfg = Release|Win32
		{75750A2D-4B93-4AEE-B5B8-B556EBE2608F}.Release|x86.Build.0 = Release|Win32
		{BAAC75B8-8010-498A-97A6-20FC837FEB22}.Debug|x64.ActiveCfg = Debug|x64
		{BAAC75B8-8010-498A-97A6-20FC837FEB22}.Debug|x64.Build.0 = Debug|x64
		{BAAC75B8-8010-498A-97A6-20FC837FEB22}.Debug|x86.ActiveCfg = Debug|Win32
		{BAAC75B8-8010-498A-97A6-20FC837FEB22}.Debug|x86.Build.0 = Debug|Win32
		{BAAC75B8-8010-498A-97A6-20FC837FEB22}.Release|x64.ActiveCfg = Release|x64
		{BAAC75B8-8010-498A-97A6-20FC837FEB22}.Release|x64.Build.0 = Release|x64
		{BAAC75B8-8010-498A-97A6-20FC837FEB22}.Release|x86.ActiveCfg = Release|Win32
		{BAAC75B8-8010-498A-97A6-20FC837FEB22}.Release|x86.Build.0 = Release|Win32
		{A803F7E9-403E-49E7-925A-9E8D0783144F}.Debug|x64.ActiveCfg = Debug|x64
		{A803F7E9-403E-49E7-925A-9E8D0783144F}.Debug|x64.Build.0 = Debug|x64
		{A803F7E9-403E-49E7-925A-9E8D0783144F}.Debug|x86.ActiveCfg = Debug|Win32
		{A803F7E9-403E-49E7-925A-9E8D0783144F}.Debug|x86.Build.0 = Debug|Win32
		{A803F7E9-403E-49E7-925A-9E8D0783144F}.Release|x64.ActiveCfg = Release|x64
		{A803F7E9-403E-49E7-925A-9E8D0783144F}.Release|x64.Build.0 = Release|x64
		{A803F7E9-403E-49E7-925A-9E8D0783144F}.Release|x86.ActiveCfg = Release|Win32
		{A803F7E9-403E-49E7-925A-9E8D0783144F}.Release|x86.Build.0 = Release|Win32
		{8C54E454-5A54-44EB-919D-5049F26C5F5B}.Debug|x64.ActiveCfg = Debug|x64
		{8C54E454-5A54-44EB-919D-5049F26C5F5B}.Debug|x64.Build.0 = Debug|x64
		{8C54E454-5A54-44EB-919D-5049F26C5F5B}.Debug|x86.ActiveCfg = Debug|Win32
		{8C54E454-5A54-44EB-919D-5049F26C5F5B}.Debug|x86.Build.0 = Debug|Win32
		{8C54E454-5A54-44EB-919D-5049F26C5F5B}.Release|x64.ActiveCfg = Release|x64
		{8C54E454-5A54-44EB-919D-5049F26C5F5B}.Release|x64.Build.0 = Release|x64
		{8C54E454-5A54-44EB-919D-5049F26C5F5B}.Release|x86.ActiveCfg = Release|Win32
		{8C54E454-5A54-44EB-919D-5049F26C5F5B}.Release|x86.Build.0 = Release|Win32
		{B4A58BA0-3B89-4D71-832A-9EBA64B5E034}.Debug|x64.ActiveCfg = Debug|x64
		{B4A58BA0-3B89-4D71-832A-9EBA64B5E034}.Debug|x64.Build.0 = Debug|x64
		{B4A58BA0-3B89-4D71-832A-9EBA64B5E034}.Debug|x86.ActiveCfg = Debug|Win32
		{B4A58BA0-3B89-4D71-832A-9EBA64B5E034}.Debug|x86.Build.0 = Debug|Win32
		{B4A58BA0-3B89-4D71-832A-9EBA64B5E034}.Release|x64.ActiveCfg = Release|x64
		{B4A58BA0-3B89-4D71-832A-9EBA64B5E034}.Release|x64.Build.0 = Release|x64
		{B4A58BA0-3B89-4D71-832A-9EBA64B5E034}.Release|x86.ActiveCfg = Release|Win32
		{B4A58BA0-3B89-4D71-832A-9EBA64B5E034}.Release|x86.Build.0 = Release|Win32
		{ABC22DCD-641F-4E1F-A384-D16037C5E251}.Debug|x64.ActiveCfg = Debug|x64
		{ABC22DCD-641F-4E1F-A384-D16037C5E251}.Debug|x64.Build.0 = Debug|x64
		{ABC22DCD-641F-4E1F-A384-D16037C5E251}.Debug|x86.ActiveCfg = Debug|Win32
		{ABC22DCD-641F-4E1F-A384-D16037C5E251}.Debug|x86.Build.0 = Debug|Win32
		{ABC22DCD-641F-4E1F-A384-D16037C5E251}.Release|x64.ActiveCfg = Release|x64
		{ABC22DCD-641F-4E1F-A384-D16037C5E251}.Release|x64.Build.0 = Release|x64
		{ABC22DCD-641F-4E1F-A384-D16037C5E251}.Release|x86.ActiveCfg = Release|Win32
		{ABC22DCD-641F-4E1F-A384-D16037C5E251}.Release|x86.Build.0 = Release|Win32
		{1B9BD36F-3DB7-40BD-BC49-55C4D3A7B5C2}.Debug|x64.ActiveCfg = Debug|x64
		{1B9BD36F-3DB7-40BD-BC49-55C4D3A7B5C2}.Debug|x64.Build.0 = Debug|x64
		{1B9BD36F-3DB7-40BD-BC49-55C4D3A7B5C2}.Debug|x86.ActiveCfg = Debug|Win32
		{1B9BD36F-3DB7-40BD-BC49-55C4D3A7B5C2}.Debug|x86.Build.0 = Debug|Win32
		{1B9BD36F-3DB7-40BD-BC49-55C4D3A7B5C2}.Release|x64.ActiveCfg = Release|x64
		{1B9BD36F-3DB7-40BD-BC49-55C4D3A7B5C2}.Release|x64.Build.0 = Release|x64
		{1B9BD36F-3DB7-40BD-BC49-55C4D3A7B5C2}.Release|x86.ActiveCfg = Release|Win32
		{1B9BD36F-3DB7-40BD-BC49-55C4D3A7B5C2}.Release|x86.Build.0 = Release|Win32
		{B4C13C7B-327F-4CD8-B3AC-02094AA8BDAA}.Debug|x64.ActiveCfg = Debug|x64
		{B4C13C7B-327F-4CD8-B3AC-02094AA8BDAA}.Debug|x64.Build.0 = Debug|x64
		{B4C13C7B-327F-4CD8-B3AC-02094AA8BDAA}.Debug|x86.ActiveCfg = Debug|Win32
		{B4C13C7B-327F-4CD8-B3AC-02094AA8BDAA}.Debug|x86.Build.0 = Debug|Win32
		{B4C13C7B-327F-4CD8-B3AC-02094AA8BDAA}.Release|x64.ActiveCfg = Release|x64
		{B4C13C7B-327F-4CD8-B3AC-02094AA8BDAA}.Release|x64.Build.0 = Release|x64
		{B4C13C7B-327F-4CD8-B3AC-02094AA8BDAA}.Release|x86.ActiveCfg = Release|Win32
		{B4C13C7B-327F-4CD8-B3AC-02094AA8BDAA}.Release|x86.Build.0 = Release|Win32
		{55516AB5-9560-4015-8BA2-99AE53F43F6D}.Debug|x64.ActiveCfg = Debug|x64
		{55516AB5-9560-4015-8BA2-99AE53F43F6D}.Debug|x64.Build.0 = Debug|x64
		{55516AB5-9560-4015-8BA2-99AE53F43F6D}.Debug|x86.ActiveCfg = Debug|Win32
		{55516AB5-9560-4015-8BA2-99AE53F43F6D}.Debug|x86.Build.0 = Debug|Win32
		{55516AB5-9560-4015-8BA2-99AE53F43F6D}.Release|x64.ActiveCfg = Release|x64
		{55516AB5-9560-4015-8BA2-99AE53F43F6D}.Release|x64.Build.0 = Release|x64
		{55516AB5-9560-4015-8BA2-99AE53F43F6D}.Release|x86.ActiveCfg = Release|Win32
		{55516AB5-9560-4015-8BA2-99AE53F43F6D}.Release|x86.Build.0 = Release|Win32
		{1DF2CD3C-4293-4BF3-842B-7FDBDE223EEB}.Debug|x64.ActiveCfg = Debug|x64
		{1DF2CD3C-4293-4BF3-842B-7FDBDE223EEB}.Debug|x64.Build.0 = Debug|x64
		{1DF2CD3C-4293-4BF3-842B-7FDBDE223EEB}.Debug|x86.ActiveCfg = Debug|Win32
		{1DF2CD3C-4293-4BF3-842B-7FDBDE223EEB}.Debug|x86.Build.0 = Debug|Win32
		{1DF2CD3C-4293-4BF3-842B-7FDBDE223EEB}.Release|x64.ActiveCfg = Release|x64
		{1DF2CD3C-4293-4BF3-842B-7FDBDE223EEB}.Release|x64.Build.0 = Release|x64
		{1DF2CD3C-4293-4BF3-842B-7FDBDE223EEB}.Release|x86.ActiveCfg = Release|Win32
		{1DF2CD3C-4293-4BF3-842B-7FDBDE223EEB}.Release|x86.Build.0 = Release|Win32
		{AAEF59B3-A63B-47E4-84EC-5A1083526C58}.Debug|x64.ActiveCfg = Debug|x64
		{AAEF59B3-A63B-47E4-84EC-5A1083526C58}.Debug|x64.Build.0 = Debug|x64
		{AAEF59B3-A63B-47E4-84EC-5A1083526C58}.Debug|x86.ActiveCfg = Debug|Win32
		{AAEF59B3-A63B-47E4-84EC-5A1083526C58}.Debug|x86.Build.0 = Debug|Win32
		{AAEF59B3-A63B-47E4-84EC-5A1083526C58}.Release|x64.ActiveCfg = Release|x64
		{AAEF59B3-A63B-47E4-84EC-5A1083526C58}.Release|x64.Build.0 = Release|x64
		{AAEF59B3-A63B-47E4-84EC-5A1083526C58}.Release|x86.ActiveCfg = Release|Win32
		{AAEF59B3-A63B-47E4-84EC-5A1083526C58}.Release|x86.Build.0 = Release|Win32
		{085A64BD-E41A-4F85-A917-93C1C65476BD}.Debug|x64.ActiveCfg = Debug|x64
		{085A64BD-E41A-4F85-A917-93C1C65476BD}.Debug|x64.Build.0 = Debug|x64
		{085A64BD-E41A-4F85-A917-93C1C65476BD}.Debug|x86.ActiveCfg = Debug|Win32
		{085A64BD-E41A-4F85-A917-93C1C65476BD}.Debug|x86.Build.0 = Debug|Win32
		{085A64BD-E41A-4F85-A917-93C1C65476BD}.Release|x64.ActiveCfg = Release|x64
		{085A64BD-E41A-4F85-A917-93C1C65476BD}.Release|x64.Build.0 = Release|x64
		{085A64BD-E41A-4F85-A917-93C1C65476BD}.Release|x86.ActiveCfg = Release|Win32
		{085A64BD-E41A-4F85-A917-93C1C65476BD}.Release|x86.Build.0 = Release|Win32
		{70336006-4B2E-4560-BA24-E8FD67FD2605}.Debug|x64.ActiveCfg = Debug|x64
		{70336006-4B2E-4560-BA24-E8FD67FD2605}.Debug|x64.Build.0 = Debug|x64
		{70336006-4B2E-4560-BA24-E8FD67FD2605}.Debug|x86.ActiveCfg = Debug|Win32
		{70336006-4B2E-4560-BA24-E8FD67FD2605}.Debug|x86.Build.0 = Debug|Win32
		{70336006-4B2E-4560-BA24-E8FD67FD2605}.Release|x64.ActiveCfg = Release|x64
		{70336006-4B2E-4560-BA24-E8FD67FD2605}.Release|x64.Build.0 = Release|x64
		{70336006-4B2E-4560-BA24-E8FD67FD2605}.Release|x86.ActiveCfg = Release|Win32
		{70336006-4B2E-4560-BA24-E8FD67FD2605}.Release|x86.Build.0 = Release|Win32
		{3F6C7BC5-68EB-46CE-97C6-0391DDDB01C0}.Debug|x64.ActiveCfg = Debug|x64
		{3F6C7BC5-68EB-46CE-97C6-0391DDDB01C0}.Debug|x64.Build.0 = Debug|x64
		{3F6C7BC5-68EB-46CE-97C6-0391DDDB01C0}.Debug|x86.ActiveCfg = Debug|Win32
		{3F6C7BC5-68EB-46CE-97C6-0391DDDB01C0}.Debug|x86.Build.0 = Debug|Win32
		{3F6C7BC5-68EB-46CE-97C6-0391DDDB01C0}.Release|x64.ActiveCfg = Release|x64
		{3F6C7BC5-68EB-46CE-97C6-0391DDDB01C0}.Release|x64.Build.0 = Release|x64
		{3F6C7BC5-68EB-46CE-97C6-0391DDDB01C0}.Release|x86.ActiveCfg = Release|Win32
		{3F6C7BC5-68EB-46CE-97C6-0391DDDB01C0}.Release|x86.Build.0 = Release|Win32
		{05A66DE5-86A6-440C-A414-DFFEDA2F42BB}.Debug|x64.ActiveCfg = Debug|x64
		{05A66DE5-86A6-440C-A414-DFFEDA2F42BB}.Debug|x64.Build.0 = Debug|x64
		{05A66DE5-86A6-440C-A414-DFFEDA2F42BB}.Debug|x86.ActiveCfg = Debug|Win32
		{05A66DE5-86A6-440C-A414-DFFEDA2F42BB}.Debug|x86.Build.0 = Debug|Win32
		{05A66DE5-86A6-440C-A414-DFFEDA2F42BB}.Release|x64.ActiveCfg = Release|x64
		{05A66DE5-86A6-440C-A414-DFFEDA2F42BB}.Release|x64.Build.0 = Release|x64
		{05A66DE5-86A6-440C-A414-DFFEDA2F42BB}.Release|x86.ActiveCfg = Release|Win32
		{05A66DE5-86A6-440C-A414-DFFEDA2F42BB}.Release|x86.Build.0 = Release|Win32
		{80978913-C3BE-41F3-81E8-DE6031E2865D}.Debug|x64.ActiveCfg = Debug|x64
		{80978913-C3BE-41F3-81E8-DE6031E2865D}.Debug|x64.Build.0 = Debug|x64
		{80978913-C3BE-41F3-81E8-DE6031E2865D}.Debug|x86.ActiveCfg = Debug|Win32
		{80978913-C3BE-41F3-81E8-DE6031E2865D}.Debug|x86.Build.0 = Debug|Win32
		{80978913-C3BE-41F3-81E8-DE6031E2865D}.Release|x64.ActiveCfg = Release|x64
		{80978913-C3BE-41F3-81E8-DE6031E2865D}.Release|x64.Build.0 = Release|x64
		{80978913-C3BE-41F3-81E8-DE6031E2865D}.Release|x86.ActiveCfg = Release|Win32
		{80978913-C3BE-41F3-81E8-DE6031E2865D}.Release|x86.Build.0 = Release|Win32
		{A3D44BC5-D6F0-456D-9175-34B64290A107}.Debug|x64.ActiveCfg = Debug|x64
		{A3D44BC5-D6F0-456D-9175-34B64290A107}.Debug|x64.Build.0 = Debug|x64
		{A3D44BC5-D6F0-456D-9175-34B64290A107}.Debug|x86.ActiveCfg = Debug|Win32
		{A3D44BC5-D6F0-456D-9175-34B64290A107}.Debug|x86.Build.0 = Debug|Win32
		{A3D44BC5-D6F0-456D-9175-34B64290A107}.Release|x64.ActiveCfg = Release|x64
		{A3D44BC5-D6F0-456D-9175-34B64290A107}.Release|x64.Build.0 = Release|x64
		{A3D44BC5-D6F0-456D-9175-34B64290A107}.Release|x86.ActiveCfg = Release|Win32
		{A3D44BC5-D6F0-456D-9175-34B64290A107}.Release|x86.Build.0 = Release|Win32
		{F5C4B2A1-222E-4290-B433-72BA5C41A5EA}.Debug|x64.ActiveCfg = Debug|x64
		{F5C4B2A1-222E-4290-B433-72BA5C41A5EA}.Debug|x64.Build.0 = Debug|x64
		{F5C4B2A1-222E-4290-B433-72BA5C41A5EA}.Debug|x86.ActiveCfg = Debug|Win32
		{F5C4B2A1-222E-4290-B433-72BA5C41A5EA}.Debug|x86.Build.0 = Debug|Win32
		{F5C4B2A1-222E-4290-B433-72BA5C41A5EA}.Release|x64.ActiveCfg = Release|x64
		{F5C4B2A1-222E-4290-B433-72BA5C41A5EA}.Release|x64.Build.0 = Release|x64
		{F5C4B2A1-222E-4290-B433-72BA5C41A5EA}.Release|x86.ActiveCfg = Release|Win32
		{F5C4B2A1-222E-4290-B433-72BA5C41A5EA}.Release|x86.Build.0 = Release|Win32
		{4350907A-FB53-422B-8FA6-9B2455C59876}.Debug|x64.ActiveCfg = Debug|x64
		{4350907A-FB53-422B-8FA6-9B2455C59876}.Debug|x64.Build.0 = Debug|x64
		{4350907A-FB53-422B-8FA6-9B2455C59876}.Debug|x86.ActiveCfg = Debug|Win32
		{4350907A-FB53-422B-8FA6-9B2455C59876}.Debug|x86.Build.0 = Debug|Win32
		{4350907A-FB53-422B-8FA6-9B2455C59876}.Release|x64.ActiveCfg = Release|x64
		{4350907A-FB53-422B-8FA6-9B2455C59876}.Release|x64.Build.0 = Release|x64
		{4350907A-FB53-422B-8FA6-9B2455C59876}.Release|x86.ActiveCfg = Release|Win32
		{4350907A-FB53-422B-8FA6-9B2455C59876}.Release|x86.Build.0 = Release|Win32
		{0B73AF1A-7C96-40AE-9B5F-AF2EB51054DC}.Debug|x64.ActiveCfg = Debug|x64
		{0B73AF1A-7C96-40AE-9B5F-AF2EB51054DC}.Debug|x64.Build.0 = Debug|x64
		{0B73AF1A-7C96-40AE-9B5F-AF2EB51054DC}.Debug|x86.ActiveCfg = Debug|Win32
		{0B73AF1A-7C96-40AE-9B5F-AF2EB51054DC}.Debug|x86.Build.0 = Debug|Win32
		{0B73AF1A-7C96-40AE-9B5F-AF2EB51054DC}.Release|x64.ActiveCfg = Release|x64
		{0B73AF1A-7C96-40AE-9B5F-AF2EB51054DC}.Release|x64.Build.0 = Release|x64
		{0B73AF1A-7C96-40AE-9B5F-AF2EB51054DC}.Release|x86.ActiveCfg = Release|Win32
		{0B73AF1A-7C96-40AE-9B5F-AF2EB51054DC}.Release|x86.Build.0 = Release|Win32
		{3739FE2B-CA03-442C-87D6-310F46FC7D1B}.Debug|x64.ActiveCfg = Debug|x64
		{3739FE2B-CA03-442C-87D6-310F46FC7D1B}.Debug|x64.Build.0 = Debug|x64
		{3739FE2B-CA03-442C-87D6-310F46FC7D1B}.Debug|x86.ActiveCfg = Debug|Win32
		{3739FE2B-CA03-442C-87D6-310F46FC7D1B}.Debug|x86.Build.0 = Debug|Win32
		{3739FE2B-CA03-442C-87D6-310F46FC7D1B}.Release|x64.ActiveCfg = Release|x64
		{3739FE2B-CA03-442C-87D6-310F46FC7D1B}.Release|x64.Build.0 = Release|x64
		{3739FE2B-CA03-442C-87D6-310F46FC7D1B}.Release|x86.ActiveCfg = Release|Win32
		{3739FE2B-CA03-442C-87D6-310F46FC7D1B}.Release|x86.Build.0 = Release|Win32
		{E6879007-21B0-42B3-83CA-D08F219E3770}.Debug|x64.ActiveCfg = Debug|x64
		{E6879007-21B0-42B3-83CA-D08F219E3770}.Debug|x64.Build.0 = Debug|x64
		{E6879007-21B0-42B3-83CA-D08F219E3770}.Debug|x86.ActiveCfg = Debug|Win32
		{E6879007-21B0-42B3-83CA-D08F219E3770}.Debug|x86.Build.0 = Debug|Win32
		{E6879007-21B0-42B3-83CA-D08F219E3770}.Release|x64.ActiveCfg = Release|x64
		{E6879007-21B0-42B3-83CA-D08F219E3770}.Release|x64.Build.0 = Release|x64
		{E6879007-21B0-42B3-83CA-D08F219E3770}.Release|x86.ActiveCfg = Release|Win32
		{E6879007-21B0-42B3-83CA-D08F219E3770}.Release|x86.Build.0 = Release|Win32
		{849C9894-DBDC-44B9-B281-4D5B43782D06}.Debug|x64.ActiveCfg = Debug|x64
		{849C9894-DBDC-44B9-B281-4D5B43782D06}.Debug|x64.Build.0 = Debug|x64
		{849C9894-DBDC-44B9-B281-4D5B43782D06}.Debug|x86.ActiveCfg = Debug|Win32
		{849C9894-DBDC-44B9-B281-4D5B43782D06}.Debug|x86.Build.0 = Debug|Win32
		{849C9894-DBDC-44B9-B281-4D5B43782D06}.Release|x64.ActiveCfg = Release|x64
		{849C9894-DBDC-44B9-B281-4D5B43782D06}.Release|x64.Build.0 = Release|x64
		{849C9894-DBDC-44B9-B281-4D5B43782D06}.Release|x86.ActiveCfg = Release|Win32
		{849C9894-DBDC-44B9-B281-4D5B43782D06}.Release|x86.Build.0 = Release|Win32
		{98ED5248-AF83-4764-A196-50892942A958}.Debug|x64.ActiveCfg = Debug|x64
		{98ED5248-AF83-4764-A196-50892942A958}.Debug|x64.Build.0 = Debug|x64
		{98ED5248-AF83-4764-A196-50892942A958}.Debug|x86.ActiveCfg = Debug|Win32
		{98ED5248-AF83-4764-A196-50892942A958}.Debug|x86.Build.0 = Debug|Win32
		{98ED5248-AF83-4764-A196-50892942A958}.Release|x64.ActiveCfg = Release|x64
		{98ED5248-AF83-4764-A196-50892942A958}.Release|x64.Build.0 = Release|x64
		{98ED5248-AF83-4764-A196-50892942A958}.Release|x86.ActiveCfg = Release|Win32
		{98ED5248-AF83-4764-A196-50892942A958}.Release|x86.Build.0 = Release|Win32
		{1A8970C9-2A24-4394-B80B-F44F7D824DB3}.Debug|x64.ActiveCfg = Debug|x64
		{1A8970C9-2A24-4394-B80B-F44F7D824DB3}.Debug|x64.Build.0 = Debug|x64
		{1A8970C9-2A24-4394-B80B-F44F7D824DB3}.Debug|x86.ActiveCfg = Debug|Win32
		{1A8970C9-2A24-4394-B80B-F44F7D824DB3}.Debug|x86.Build.0 = Debug|Win32
		{1A8970C9-2A24-4394-B80B-F44F7D824DB3}.Release|x64.ActiveCfg = Release|x64
		{1A8970C9-2A24-4394-B80B-F44F7D824DB3}.Release|x64.Build.0 = Release|x64
		{1A8970C9-2A24-4394-B80B-F44F7D824DB3}.Release|x86.ActiveCfg = Release|Win32
		{1A8970C9-2A24-4394-B80B-F44F7D824DB3}.Release|x86.Build.0 = Release|Win32
		{AD4C721D-51F1-4606-9286-1F1C40219370}.Debug|x64.ActiveCfg = Debug|x64
		{AD4C721D-51F1-4606-9286-1F1C40219370}.Debug|x64.Build.0 = Debug|x64
		{AD4C721D-51F1-4606-9286-1F1C40219370}.Debug|x86.ActiveCfg = Debug|Win32
		{AD4C721D-51F1-4606-9286-1F1C40219370}.Debug|x86.Build.0 = Debug|Win32
		{AD4C721D-51F1-4606-9286-1F1C40219370}.Release|x64.ActiveCfg = Release|x64
		{AD4C721D-51F1-4606-9286-1F1C40219370}.Release|x64.Build.0 = Release|x64
		{AD4C721D-51F1-4606-9286-1F1C40219370}.Release|x86.ActiveCfg = Release|Win32
		{AD4C721D-51F1-4606-9286-1F1C40219370}.Release|x86.Build.0 = Release|Win32
		{D600DA39-C406-4E29-8990-2ADB5FB71AD5}.Debug|x64.ActiveCfg = Debug|x64
		{D600DA39-C406-4E29-8990-2ADB5FB71AD5}.Debug|x64.Build.0 = Debug|x64
		{D600DA39-C406-4E29-8990-2ADB5FB71AD5}.Debug|x86.ActiveCfg = Debug|Win32
		{D600DA39-C406-4E29-8990-2ADB5FB71AD5}.Debug|x86.Build.0 = Debug|Win32
		{D600DA39-C406-4E29-8990-2ADB5FB71AD5}.Release|x64.ActiveCfg = Release|x64
		{D600DA39-C406-4E29-8990-2ADB5FB71AD5}.Release|x64.Build.0 = Release|x64
		{D600DA39-C406-4E29-8990-2ADB5FB71AD5}.Release|x86.ActiveCfg = Release|Win32
		{D600DA39-C406-4E29-8990-2ADB5FB71AD5}.Release|x86.Build.0 = Release|Win32
		{2A7585AE-80F2-4322-8210-CB821CE93621}.Debug|x64.ActiveCfg = Debug|x64
		{2A7585AE-80F2-4322-8210-CB821CE93621}.Debug|x64.Build.0 = Debug|x64
		{2A7585AE-80F2-4322-8210-CB821CE93621}.Debug|x86.ActiveCfg = Debug|Win32
		{2A7585AE-80F2-4322-8210-CB821CE93621}.Debug|x86.Build.0 = Debug|Win32
		{2A7585AE-80F2-4322-8210-CB821CE93621}.Release|x64.ActiveCfg = Release|x64
		{2A7585AE-80F2-4322-8210-CB821CE93621}.Release|x64.Build.0 = Release|x64
		{2A7585AE-80F2-4322-8210-CB821CE93621}.Release|x86.ActiveCfg = Release|Win32
		{2A7585AE-80F2-4322-8210-CB821CE93621}.Release|x86.Build.0 = Release|Win32
		{55316F59-C749-4CF2-978C-428C459B2485}.Debug|x64.ActiveCfg = Debug|x64
		{55316F59-C749-4CF2-978C-428C459B2485}.Debug|x64.Build.0 = Debug|x64
		{55316F59-C749-4CF2-978C-428C459B2485}.Debug|x86.ActiveCfg = Debug|Win32
		{55316F59-C749-4CF2-978C-428C459B2485}.Debug|x86.Build.0 = Debug|Win32
		{55316F59-C749-4CF2-978C-428C459B2485}.Release|x64.ActiveCfg = Release|x64
		{55316F59-C749-4CF2-978C-428C459B2485}.Release|x64.Build.0 = Release|x64
		{55316F59-C749-4CF2-978C-428C459B2485}.Release|x86.ActiveCfg = Release|Win32
		{55316F59-C749-4CF2-978C-428C459B2485}.Release|x86.Build.0 = Release|Win32
		{E82320C0-DF3A-40E6-8F5C-9B0EFF3321F1}.Debug|x64.ActiveCfg = Debug|x64
		{E82320C0-DF3A-40E6-8F5C-9B0EFF3321F1}.Debug|x64.Build.0 = Debug|x64
		{E82320C0-DF3A-40E6-8F5C-9B0EFF3321F1}.Debug|x86.ActiveCfg = Debug|Win32
		{E82320C0-DF3A-40E6-8F5C-9B0EFF3321F1}.Debug|x86.Build.0 = Debug|Win32
		{E82320C0-DF3A-40E6-8F5C-9B0EFF3321F1}.Release|x64.ActiveCfg = Release|x64
		{E82320C0-DF3A-40E6-8F5C-9B0EFF3321F1}.Release|x64.Build.0 = Release|x64
		{E82320C0-DF3A-40E6-8F5C-9B0EFF3321F1}.Release|x86.ActiveCfg = Release|Win32
		{E82320C0-DF3A-40E6-8F5C-9B0EFF3321F1}.Release|x86.Build.0 = Release|Win32
		{BAC870B5-00A2-4706-AAA9-989161DD3611}.Debug|x64.ActiveCfg = Debug|x64
		{BAC870B5-00A2-4706-AAA9-989161DD3611}.Debug|x64.Build.0 = Debug|x64
		{BAC870B5-00A2-4706-AAA9-989161DD3611}.Debug|x86.ActiveCfg = Debug|Win32
		{BAC870B5-00A2-4706-AAA9-989161DD3611}.Debug|x86.Build.0 = Debug|Win32
		{BAC870B5-00A2-4706-AAA9-989161DD3611}.Release|x64.ActiveCfg = Release|x64
		{BAC870B5-00A2-4706-AAA9-989161DD3611}.Release|x64.Build.0 = Release|x64
		{BAC870B5-00A2-4706-AAA9-989161DD3611}.Release|x86.ActiveCfg = Release|Win32
		{BAC870B5-00A2-4706-AAA9-989161DD3611}.Release|x86.Build.0 = Release|Win32
		{E7046530-8D55-4634-B316-B7FC1C795232}.Debug|x64.ActiveCfg = Debug|x64
		{E7046530-8D55-4634-B316-B7FC1C795232}.Debug|x64.Build.0 = Debug|x64
		{E7046530-8D55-4634-B316-B7FC1C795232}.Debug|x86.ActiveCfg = Debug|Win32
		{E7046530-8D55-4634-B316-B7FC1C795232}.Debug|x86.Build.0 = Debug|Win32
		{E7046530-8D55-4634-B316-B7FC1C795232}.Release|x64.ActiveCfg = Release|x64
		{E7046530-8D55-4634-B316-B7FC1C795232}.Release|x64.Build.0 = Release|x64
		{E7046530-8D55-4634-B316-B7FC1C795232}.Release|x86.ActiveCfg = Release|Win32
		{E7046530-8D55-4634-B316-B7FC1C795232}.Release|x86.Build.0 = Release|Win32
		{CFEE8D20-2E59-4154-8E91-B822CCCE73BD}.Debug|x64.ActiveCfg = Debug|x64
		{CFEE8D20-2E59-4154-8E91-B822CCCE73BD}.Debug|x64.Build.0 = Debug|x64
		{CFEE8D20-2E59-4154-8E91-B822CCCE73BD}.Debug|x86.ActiveCfg = Debug|Win32
		{CFEE8D20-2E59-4154-8E91-B822CCCE73BD}.Debug|x86.Build.0 = Debug|Win32
		{CFEE8D20-2E59-4154-8E91-B822CCCE73BD}.Release|x64.ActiveCfg = Release|x64
		{CFEE8D20-2E59-4154-8E91-B822CCCE73BD}.Release|x64.Build.0 = Release|x64
		{CFEE8D20-2E59-4154-8E91-B822CCCE73BD}.Release|x86.ActiveCfg = Release|Win32
		{CFEE8D20-2E59-4154-8E91-B822CCCE73BD}.Release|x86.Build.0 = Release|Win32
		{FCF25D53-0708-4B2C-89CD-F4314A364324}.Debug|x64.ActiveCfg = Debug|x64
		{FCF25D53-0708-4B2C-89CD-F4314A364324}.Debug|x64.Build.0 = Debug|x64
		{FCF25D53-0708-4B2C-89CD-F4314A364324}.Debug|x86.ActiveCfg = Debug|Win32
		{FCF25D53-0708-4B2C-89CD-F4314A364324}.Debug|x86.Build.0 = Debug|Win32
		{FCF25D53-0708-4B2C-89CD-F4314A364324}.Release|x64.ActiveCfg = Release|x64
		{FCF25D53-0708-4B2C-89CD-F4314A364324}.Release|x64.Build.0 = Release|x64
		{FCF25D53-0708-4B2C-89CD-F4314A364324}.Release|x86.ActiveCfg = Release|Win32
		{FCF25D53-0708-4B2C-89CD-F4314A364324}.Release|x86.Build.0 = Release|Win32
		{56AF14AB-7FA4-4E26-93C4-DA54994ABF9B}.Debug|x64.ActiveCfg = Debug|x64
		{56AF14AB-7FA4-4E26-93C4-DA54994ABF9B}.Debug|x64.Build.0 = Debug|x64
		{56AF14AB-7FA4-4E26-93C4-DA54994ABF9B}.Debug|x86.ActiveCfg = Debug|Win32
		{56AF14AB-7FA4-4E26-93C4-DA54994ABF9B}.Debug|x86.Build.0 = Debug|Win32
		{56AF14AB-7FA4-4E26-93C4-DA54994ABF9B}.Release|x64.ActiveCfg = Release|x64
		{56AF14AB-7FA4-4E26-93C4-DA54994ABF9B}.Release|x64.Build.0 = Release|x64
		{56AF14AB-7FA4-4E26-93C4-DA54994ABF9B}.Release|x86.ActiveCfg = Release|Win32
		{56AF14AB-7FA4-4E26-93C4-DA54994ABF9B}.Release|x86.Build.0 = Release|Win32
		{187AE2D4-B253-4112-B1DB-262C03B73637}.Debug|x64.ActiveCfg = Debug|x64
		{187AE2D4-B253-4112-B1DB-262C03B73637}.Debug|x64.Build.0 = Debug|x64
		{187AE2D4-B253-4112-B1DB-262C03B73637}.Debug|x86.ActiveCfg = Debug|Win32
		{187AE2D4-B253-4112-B1DB-262C03B73637}.Debug|x86.Build.0 = Debug|Win32
		{187AE2D4-B253-4112-B1DB-262C03B73637}.Release|x64.ActiveCfg = Release|x64
		{187AE2D4-B253-4112-B1DB-262C03B73637}.Release|x64.Build.0 = Release|x64
		{187AE2D4-B253-4112-B1DB-262C03B73637}.Release|x86.ActiveCfg = Release|Win32
		{187AE2D4-B253-4112-B1DB-262C03B73637}.Release|x86.Build.0 = Release|Win32
		{CFD47C62-DB26-4784-9D11-B8DD00CD7C01}.Debug|x64.ActiveCfg = Debug|x64
		{CFD47C62-DB26-4784-9D11-B8DD00CD7C01}.Debug|x64.Build.0 = Debug|x64
		{CFD47C62-DB26-4784-9D11-B8DD00CD7C01}.Debug|x86.ActiveCfg = Debug|Win32
		{CFD47C62-DB26-4784-9D11-B8DD00CD7C01}.Debug|x86.Build.0 = Debug|Win32
		{CFD47C62-DB26-4784-9D11-B8DD00CD7C01}.Release|x64.ActiveCfg = Release|x64
		{CFD47C62-DB26-4784-9D11-B8DD00CD7C01}.Release|x64.Build.0 = Release|x64
		{CFD47C62-DB26-4784-9D11-B8DD00CD7C01}.Release|x86.ActiveCfg = Release|Win32
		{CFD47C62-DB26-4784-9D11-B8DD00CD7C01}.Release|x86.Build.0 = Release|Win32
		{031485C3-5FD7-47E9-95F8-8D158C4E0B42}.Debug|x64.ActiveCfg = Debug|x64
		{031485C3-5FD7-47E9-95F8-8D158C4E0B42}.Debug|x64.Build.0 = Debug|x64
		{031485C3-5FD7-47E9-95F8-8D158C4E0B42}.Debug|x86.ActiveCfg = Debug|Win32
		{031485C3-5FD7-47E9-95F8-8D158C4E0B42}.Debug|x86.Build.0 = Debug|Win32
		{031485C3-5FD7-47E9-95F8-8D158C4E0B42}.Release|x64.ActiveCfg = Release|x64
		{031485C3-5FD7-47E9-95F8-8D158C4E0B42}.Release|x64.Build.0 = Release|x64
		{031485C3-5FD7-47E9-95F8-8D158C4E0B42}.Release|x86.ActiveCfg = Release|Win32
		{031485C3-5FD7-47E9-95F8-8D158C4E0B42}.Release|x86.Build.0 = Release|Win32
		{072B843D-AB58-444F-BFDD-0B04C26E775F}.Debug|x64.ActiveCfg = Debug|x64
		{072B843D-AB58-444F-BFDD-0B04C26E775F}.Debug|x64.Build.0 = Debug|x64
		{072B843D-AB58-444F-BFDD-0B04C26E775F}.Debug|x86.ActiveCfg = Debug|Win32
		{072B843D-AB58-444F-BFDD-0B04C26E775F}.Debug|x86.Build.0 = Debug|Win32
		{072B843D-AB58-444F-BFDD-0B04C26E775F}.Release|x64.ActiveCfg = Release|x64
		{072B843D-AB58-444F-BFDD-0B04C26E775F}.Release|x64.Build.0 = Release|x64
		{072B843D-AB58-444F-BFDD-0B04C26E775F}.Release|x86.ActiveCfg = Release|Win32
		{072B843D-AB58-444F-BFDD-0B04C26E775F}.Release|x86.Build.0 = Release|Win32
		{000F883F-0A07-4FEA-92D1-5F91865FA8C1}.Debug|x64.ActiveCfg = Debug|x64
		{000F883F-0A07-4FEA-92D1-5F91865FA8C1}.Debug|x64.Build.0 = Debug|x64
		{000F883F-0A07-4FEA-92D1-5F91865FA8C1}.Debug|x86.ActiveCfg = Debug|Win32
		{000F883F-0A07-4FEA-92D1-5F91865FA8C1}.Debug|x86.Build.0 = Debug|Win32
		{000F883F-0A07-4FEA-92D1-5F91865FA8C1}.Release|x64.ActiveCfg = Release|x64
		{000F883F-0A07-4FEA-92D1-5F91865FA8C1}.Release|x64.Build.0 = Release|x64
		{000F883F-0A07-4FEA-92D1-5F91865FA8C1}.Release|x86.ActiveCfg = Release|Win32
		{000F883F-0A07-4FEA-92D1-5F91865FA8C1}.Release|x86.Build.0 = Release|Win32
		{EE82DA53-99CE-458A-AF2D-8835CDD1B1FA}.Debug|x64.ActiveCfg = Debug|x64
		{EE82DA53-99CE-458A-AF2D-8835CDD1B1FA}.Debug|x64.Build.0 = Debug|x64
		{EE82DA53-99CE-458A-AF2D-8835CDD1B1FA}.Debug|x86.ActiveCfg = Debug|Win32
		{EE82DA53-99CE-458A-AF2D-8835CDD1B1FA}.Debug|x86.Build.0 = Debug|Win32
		{EE82DA53-99CE-458A-AF2D-8835CDD1B1FA}.Release|x64.ActiveCfg = Release|x64
		{EE82DA53-99CE-458A-AF2D-8835CDD1B1FA}.Release|x64.Build.0 = Release|x64
		{EE82DA53-99CE-458A-AF2D-8835CDD1B1FA}.Release|x86.ActiveCfg = Release|Win32
		{EE82DA53-99CE-458A-AF2D-8835CDD1B1FA}.Release|x86.Build.0 = Release|Win32
		{1E09C41D-A6EF-41E6-886B-24137AC91A55}.Debug|x64.ActiveCfg = Debug|x64
		{1E09C41D-A6EF-41E6-886B-24137AC91A55}.Debug|x64.Build.0 = Debug|x64
		{1E09C41D-A6EF-41E6-886B-24137AC91A55}.Debug|x86.ActiveCfg = Debug|Win32
		{1E09C41D-A6EF-41E6-886B-24137AC91A55}.Debug|x86.Build.0 = Debug|Win32
		{1E09C41D-A6EF-41E6-886B-24137AC91A55}.Release|x64.ActiveCfg = Release|x64
		{1E09C41D-A6EF-41E6-886B-24137AC91A55}.Release|x64.Build.0 = Release|x64
		{1E09C41D-A6EF-41E6-886B-24137AC91A55}.Release|x86.ActiveCfg = Release|Win32
		{1E09C41D-A6EF-41E6-886B-24137AC91A55}.Release|x86.Build.0 = Release|Win32
		{B40F752E-D817-46C6-AFB3-8B6E62072B6C}.Debug|x64.ActiveCfg = Debug|x64
		{B40F752E-D817-46C6-AFB3-8B6E62072B6C}.Debug|x64.Build.0 = Debug|x64
		{B40F752E-D817-46C6-AFB3-8B6E62072B6C}.Debug|x86.ActiveCfg = Debug|Win32
		{B40F752E-D817-46C6-AFB3-8B6E62072B6C}.Debug|x86.Build.0 = Debug|Win32
		{B40F752E-D817-46C6-AFB3-8B6E62072B6C}.Release|x64.ActiveCfg = Release|x64
		{B40F752E-D817-46C6-AFB3-8B6E62072B6C}.Release|x64.Build.0 = Release|x64
		{B40F752E-D817-46C6-AFB3-8B6E62072B6C}.Release|x86.ActiveCfg = Release|Win32
		{B40F752E-D817-46C6-AFB3-8B6E62072B6C}.Release|x86.Build.0 = Release|Win32
		{E9B1BCCD-10E6-49A7-9DE6-424B9E365494}.Debug|x64.ActiveCfg = Debug|x64
		{E9B1BCCD-10E6-49A7-9DE6-424B9E365494}.Debug|x64.Build.0 = Debug|x64
		{E9B1BCCD-10E6-49A7-9DE6-424B9E365494}.Debug|x86.ActiveCfg = Debug|Win32
		{E9B1BCCD-10E6-49A7-9DE6-424B9E365494}.Debug|x86.Build.0 = Debug|Win32
		{E9B1BCCD-10E6-49A7-9DE6-424B9E365494}.Release|x64.ActiveCfg = Release|x64
		{E9B1BCCD-10E6-49A7-9DE6-424B9E365494}.Release|x64.Build.0 = Release|x64
		{E9B1BCCD-10E6-49A7-9DE6-424B9E365494}.Release|x86.ActiveCfg = Release|Win32
		{E9B1BCCD-10E6-49A7-9DE6-424B9E365494}.Release|x86.Build.0 = Release|Win32
		{618A653F-18C0-47AF-8899-3F88CC4CC86A}.Debug|x64.ActiveCfg = Debug|x64
		{618A653F-18C0-47AF-8899-3F88CC4CC86A}.Debug|x64.Build.0 = Debug|x64
		{618A653F-18C0-47AF-8899-3F88CC4CC86A}.Debug|x86.ActiveCfg = Debug|Win32
		{618A653F-18C0-47AF-8899-3F88CC4CC86A}.Debug|x86.Build.0 = Debug|Win32
		{618A653F-18C0-47AF-8899-3F88CC4CC86A}.Release|x64.ActiveCfg = Release|x64
		{618A653F-18C0-47AF-8899-3F88CC4CC86A}.Release|x64.Build.0 = Release|x64
		{618A653F-18C0-47AF-8899-3F88CC4CC86A}.Release|x86.ActiveCfg = Release|Win32
		{618A653F-18C0-47AF-8899-3F88CC4CC86A}.Release|x86.Build.0 = Release|Win32
		{5BE448B9-9F7D-4494-A342-9D9546C5BE79}.Debug|x64.ActiveCfg = Debug|x64
		{5BE448B9-9F7D-4494-A342-9D9546C5BE79}.Debug|x64.Build.0 = Debug|x64
		{5BE448B9-9F7D-4494-A342-9D9546C5BE79}.Debug|x86.ActiveCfg = Debug|Win32
		{5BE448B9-9F7D-4494-A342-9D9546C5BE79}.Debug|x86.Build.0 = Debug|Win32
		{5BE448B9-9F7D-4494-A342-9D9546C5BE79}.Release|x64.ActiveCfg = Release|x64
		{5BE448B9-9F7D-4494-A342-9D9546C5BE79}.Release|x64.Build.0 = Release|x64
		{5BE448B9-9F7D-4494-A342-9D9546C5BE79}.Release|x86.ActiveCfg = Release|Win32
		{5BE448B9-9F7D-4494-A342-9D9546C5BE79}.Release|x86.Build.0 = Release|Win32
		{E718C76B-D3F2-4DDD-BCD6-CA0D88302558}.Debug|x64.ActiveCfg = Debug|x64
		{E718C76B-D3F2-4DDD-BCD6-CA0D88302558}.Debug|x64.Build.0 = Debug|x64
		{E718C76B-D3F2-4DDD-BCD6-CA0D88302558}.Debug|x86.ActiveCfg = Debug|Win32
		{E718C76B-D3F2-4DDD-BCD6-CA0D88302558}.Debug|x86.Build.0 = Debug|Win32
		{E718C76B-D3F2-4DDD-BCD6-CA0D88302558}.Release|x64.ActiveCfg = Release|x64
		{E718C76B-D3F2-4DDD-BCD6-CA0D88302558}.Release|x64.Build.0 = Release|x64
		{E718C76B-D3F2-4DDD-BCD6-CA0D88302558}.Release|x86.ActiveCfg = Release|Win32
		{E718C76B-D3F2-4DDD-BCD6-CA0D88302558}.Release|x86.Build.0 = Release|Win32
		{7FD7AAC1-1D33-4E22-87CB-845B5EB2D388}.Debug|x64.ActiveCfg = Debug|x64
		{7FD7AAC1-1D33-4E22-87CB-845B5EB2D388}.Debug|x64.Build.0 = Debug|x64
		{7FD7AAC1-1D33-4E22-87CB-845B5EB2D388}.Debug|x86.ActiveCfg = Debug|Win32
		{7FD7AAC1-1D33-4E22-87CB-845B5EB2D388}.Debug|x86.Build.0 = Debug|Win32
		{7FD7AAC1-1D33-4E22-87CB-845B5EB2D388}.Release|x64.ActiveCfg = Release|x64
		{7FD7AAC1-1D33-4E22-87CB-845B5EB2D388}.Release|x64.Build.0 = Release|x64
		{7FD7AAC1-1D33-4E22-87CB-845B5EB2D388}.Release|x86.ActiveCfg = Release|Win32
		{7FD7AAC1-1D33-4E22-87CB-845B5EB2D388}.Release|x86.Build.0 = Release|Win32
		{7D8DFB1E-B48F-44EE-8DCD-15937DC2FBB8}.Debug|x64.ActiveCfg = Debug|x64
		{7D8DFB1E-B48F-44EE-8DCD-15937DC2FBB8}.Debug|x64.Build.0 = Debug|x64
		{7D8DFB1E-B48F-44EE-8DCD-15937DC2FBB8}.Debug|x86.ActiveCfg = Debug|Win32
		{7D8DFB1E-B48F-44EE-8DCD-15937DC2FBB8}.Debug|x86.Build.0 = Debug|Win32
		{7D8DFB1E-B48F-44EE-8DCD-15937DC2FBB8}.Release|x64.ActiveCfg = Release|x64
		{7D8DFB1E-B48F-44EE-8DCD-15937DC2FBB8}.Release|x64.Build.0 = Release|x64
		{7D8DFB1E-B48F-44EE-8DCD-15937DC2FBB8}.Release|x86.ActiveCfg = Release|Win32
		{7D8DFB1E-B48F-44EE-8DCD-15937DC2FBB8}.Release|x86.Build.0 = Release|Win32
		{9F42FBCA-164D-4BC2-88CB-93DBADF96E08}.Debug|x64.ActiveCfg = Debug|x64
		{9F42FBCA-164D-4BC2-88CB-93DBADF96E08}.Debug|x64.Build.0 = Debug|x64
		{9F42FBCA-164D-4BC2-88CB-93DBADF96E08}.Debug|x86.ActiveCfg = Debug|Win32
		{9F42FBCA-164D-4BC2-88CB-93DBADF96E08}.Debug|x86.Build.0 = Debug|Win32
		{9F42FBCA-164D-4BC2-88CB-93DBADF96E08}.Release|x64.ActiveCfg = Release|x64
		{9F42FBCA-164D-4BC2-88CB-93DBADF96E08}.Release|x64.Build.0 = Release|x64
		{9F42FBCA-164D-4BC2-88CB-93DBADF96E08}.Release|x86.ActiveCfg = Release|Win32
		{9F42FBCA-164D-4BC2-88CB-93DBADF96E08}.Release|x86.Build.0 = Release|Win32
		{F4CDFF86-E1A5-4E07-A155-C801BDD41C9A}.Debug|x64.ActiveCfg = Debug|x64
		{F4CDFF86-E1A5-4E07-A155-C801BDD41C9A}.Debug|x64.Build.0 = Debug|x64
		{F4CDFF86-E1A5-4E07-A155-C801BDD41C9A}.Debug|x86.ActiveCfg = Debug|Win32
		{F4CDFF86-E1A5-4E07-A155-C801BDD41C9A}.Debug|x86.Build.0 = Debug|Win32
		{F4CDFF86-E1A5-4E07-A155-C801BDD41C9A}.Release|x64.ActiveCfg = Release|x64
		{F4CDFF86-E1A5-4E07-A155-C801BDD41C9A}.Release|x64.Build.0 = Release|x64
		{F4CDFF86-E1A5-4E07-A155-C801BDD41C9A}.Release|x86.ActiveCfg = Release|Win32
		{F4CDFF86-E1A5-4E07-A155-C801BDD41C9A}.Release|x86.Build.0 = Release|Win32
		{6FD1DEB4-0D9B-4C76-95D2-12090F0B96CE}.Debug|x64.ActiveCfg = Debug|x64
		{6FD1DEB4-0D9B-4C76-95D2-12090F0B96CE}.Debug|x64.Build.0 = Debug|x64
		{6FD1DEB4-0D9B-4C76-95D2-12090F0B96CE}.Debug|x86.ActiveCfg = Debug|Win32
		{6FD1DEB4-0D9B-4C76-95D2-12090F0B96CE}.Debug|x86.Build.0 = Debug|Win32
		{6FD1DEB4-0D9B-4C76-95D2-12090F0B96CE}.Release|x64.ActiveCfg = Release|x64
		{6FD1DEB4-0D9B-4C76-95D2-12090F0B96CE}.Release|x64.Build.0 = Release|x64
		{6FD1DEB4-0D9B-4C76-95D2-12090F0B96CE}.Release|x86.ActiveCfg = Release|Win32
		{6FD1DEB4-0D9B-4C76-95D2-12090F0B96CE}.Release|x86.Build.0 = Release|Win32
		{54A0940D-5496-43D0-ACF4-46CA2109C592}.Debug|x64.ActiveCfg = Debug|x64
		{54A0940D-5496-43D0-ACF4-46CA2109C592}.Debug|x64.Build.0 = Debug|x64
		{54A0940D-5496-43D0-ACF4-46CA2109C592}.Debug|x86.ActiveCfg = Debug|Win32
		{54A0940D-5496-43D0-ACF4-46CA2109C592}.Debug|x86.Build.0 = Debug|Win32
		{54A0940D-5496-43D0-ACF4-46CA2109C592}.Release|x64.ActiveCfg = Release|x64
		{54A0940D-5496-43D0-ACF4-46CA2109C592}.Release|x64.Build.0 = Release|x64
		{54A0940D-5496-43D0-ACF4-46CA2109C592}.Release|x86.ActiveCfg = Release|Win32
		{54A0940D-5496-43D0-ACF4-46CA2109C592}.Release|x86.Build.0 = Release|Win32
		{BC27FAC6-920C-44C5-A556-C9CFFB977A1F}.Debug|x64.ActiveCfg = Debug|x64
		{BC27FAC6-920C-44C5-A556-C9CFFB977A1F}.Debug|x64.Build.0 = Debug|x64
		{BC27FAC6-920C-44C5-A556-C9CFFB977A1F}.Debug|x86.ActiveCfg = Debug|Win32
		{BC27FAC6-920C-44C5-A556-C9CFFB977A1F}.Debug|x86.Build.0 = Debug|Win32
		{BC27FAC6-920C-44C5-A556-C9CFFB977A1F}.Release|x64.ActiveCfg = Release|x64
		{BC27FAC6-920C-44C5-A556-C9CFFB977A1F}.Release|x64.Build.0 = Release|x64
		{BC27FAC6-920C-44C5-A556-C9CFFB977A1F}.Release|x86.ActiveCfg = Release|Win32
		{BC27FAC6-920C-44C5-A556-C9CFFB977A1F}.Release|x86.Build.0 = Release|Win32
		{D2D676AA-399C-453A-8B05-8F93058B9593}.Debug|x64.ActiveCfg = Debug|x64
		{D2D676AA-399C-453A-8B05-8F93058B9593}.Debug|x64.Build.0 = Debug|x64
		{D2D676AA-399C-453A-8B05-8F93058B9593}.Debug|x86.ActiveCfg = Debug|Win32
		{D2D676AA-399C-453A-8B05-8F93058B9593}.Debug|x86.Build.0 = Debug|Win32
		{D2D676AA-399C-453A-8B05-8F93058B9593}.Release|x64.ActiveCfg = Release|x64
		{D2D676AA-399C-453A-8B05-8F93058B9593}.Release|x64.Build.0 = Release|x64
		{D2D676AA-399C-453A-8B05-8F93058B9593}.Release|x86.ActiveCfg = Release|Win32
		{D2D676AA-399C-453A-8B05-8F93058B9593}.Release|x86.Build.0 = Release|Win32
		{E2EBFC31-0319-4C88-BA21-0AD3800CC26C}.Debug|x64.ActiveCfg = Debug|x64
		{E2EBFC31-0319-4C88-BA21-0AD3800CC26C}.Debug|x64.Build.0 = Debug|x64
		{E2EBFC31-0319-4C88-BA21-0AD3800CC26C}.Debug|x86.ActiveCfg = Debug|Win32
		{E2EBFC31-0319-4C88-BA21-0AD3800CC26C}.Debug|x86.Build.0 = Debug|Win32
		{E2EBFC31-0319-4C88-BA21-0AD3800CC26C}.Release|x64.ActiveCfg = Release|x64
		{E2EBFC31-0319-4C88-BA21-0AD3800CC26C}.Release|x64.Build.0 = Release|x64
		{E2EBFC31-0319-4C88-BA21-0AD3800CC26C}.Release|x86.ActiveCfg = Release|Win32
		{E2EBFC31-0319-4C88-BA21-0AD3800CC26C}.Release|x86.Build.0 = Release|Win32
		{ED26C0A3-BA86-49C0-97A2-8F4E37C33FB2}.Debug|x64.ActiveCfg = Debug|x64
		{ED26C0A3-BA86-49C0-97A2-8F4E37C33FB2}.Debug|x64.Build.0 = Debug|x64
		{ED26C0A3-BA86-49C0-97A2-8F4E37C33FB2}.Debug|x86.ActiveCfg = Debug|Win32
		{ED26C0A3-BA86-49C0-97A2-8F4E37C33FB2}.Debug|x86.Build.0 = Debug|Win32
		{ED26C0A3-BA86-49C0-97A2-8F4E37C33FB2}.Release|x64.ActiveCfg = Release|x64
		{ED26C0A3-BA86-49C0-97A2-8F4E37C33FB2}.Release|x64.Build.0 = Release|x64
		{ED26C0A3-BA86-49C0-97A2-8F4E37C33FB2}.Release|x86.ActiveCfg = Release|Win32
		{ED26C0A3-BA86-49C0-97A2-8F4E37C33FB2}.Release|x86.Build.0 = Release|Win32
		{A03CB6A8-B4AA-4A8C-A0D0-B9D58EEBB215}.Debug|x64.ActiveCfg = Debug|x64
		{A03CB6A8-B4AA-4A8C-A0D0-B9D58EEBB215}.Debug|x64.Build.0 = Debug|x64
		{A03CB6A8-B4AA-4A8C-A0D0-B9D58EEBB215}.Debug|x86.ActiveCfg = Debug|Win32
		{A03CB6A8-B4AA-4A8C-A0D0-B9D58EEBB215}.Debug|x86.Build.0 = Debug|Win32
		{A03CB6A8-B4AA-4A8C-A0D0-B9D58EEBB215}.Release|x64.ActiveCfg = Release|x64
		{A03CB6A8-B4AA-4A8C-A0D0-B9D58EEBB215}.Release|x64.Build.0 = Release|x64
		{A03CB6A8-B4AA-4A8C-A0D0-B9D58EEBB215}.Release|x86.ActiveCfg = Release|Win32
		{A03CB6A8-B4AA-4A8C-A0D0-B9D58EEBB215}.Release|x86.Build.0 = Release|Win32
		{2C720D49-23D3-497E-886B-0350782ED37E}.Debug|x64.ActiveCfg = Debug|x64
		{2C720D49-23D3-497E-886B-0350782ED37E}.Debug|x64.Build.0 = Debug|x64
		{2C720D49-23D3-497E-886B-0350782ED37E}.Debug|x86.ActiveCfg = Debug|Win32
		{2C720D49-23D3-497E-886B-0350782ED37E}.Debug|x86.Build.0 = Debug|Win32
		{2C720D49-23D3-497E-886B-0350782ED37E}.Release|x64.ActiveCfg = Release|x64
		{2C720D49-23D3-497E-886B-0350782ED37E}.Release|x64.Build.0 = Release|x64
		{2C720D49-23D3-497E-886B-0350782ED37E}.Release|x86.ActiveCfg = Release|Win32
		{2C720D49-23D3-497E-886B-0350782ED37E}.Release|x86.Build.0 = Release|Win32
		{21F891A9-C577-4153-849F-8F77F92F2835}.Debug|x64.ActiveCfg = Debug|x64
		{21F891A9-C577-4153-849F-8F77F92F2835}.Debug|x64.Build.0 = Debug|x64
		{21F891A9-C577-4153-849F-8F77F92F2835}.Debug|x86.ActiveCfg = Debug|Win32
		{21F891A9-C577-4153-849F-8F77F92F2835}.Debug|x86.Build.0 = Debug|Win32
		{21F891A9-C577-4153-849F-8F77F92F2835}.Release|x64.ActiveCfg = Release|x64
		{21F891A9-C577-4153-849F-8F77F92F2835}.Release|x64.Build.0 = Release|x64
		{21F891A9-C577-4153-849F-8F77F92F2835}.Release|x86.ActiveCfg = Release|Win32
		{21F891A9-C577-4153-849F-8F77F92F2835}.Release|x86.Build.0 = Release|Win32
		{75F87EC9-1572-4100-B716-71D51F4466FD}.Debug|x64.ActiveCfg = Debug|x64
		{75F87EC9-1572-4100-B716-71D51F4466FD}.Debug|x64.Build.0 = Debug|x64
		{75F87EC9-1572-4100-B716-71D51F4466FD}.Debug|x86.ActiveCfg = Debug|Win32
		{75F87EC9-1572-4100-B716-71D51F4466FD}.Debug|x86.Build.0 = Debug|Win32
		{75F87EC9-1572-4100-B716-71D51F4466FD}.Release|x64.ActiveCfg = Release|x64
		{75F87EC9-1572-4100-B716-71D51F4466FD}.Release|x64.Build.0 = Release|x64
		{75F87EC9-1572-4100-B716-71D51F4466FD}.Release|x86.ActiveCfg = Release|Win32
		{75F87EC9-1572-4100-B716-71D51F4466FD}.Release|x86.Build.0 = Release|Win32
		{A60F8553-0F46-4946-8572-FE4193487D44}.Debug|x64.ActiveCfg = Debug|x64
		{A60F8553-0F46-4946-8572-FE4193487D44}.Debug|x64.Build.0 = Debug|x64
		{A60F8553-0F46-4946-8572-FE4193487D44}.Debug|x86.ActiveCfg = Debug|Win32
		{A60F8553-0F46-4946-8572-FE4193487D44}.Debug|x86.Build.0 = Debug|Win32
		{A60F8553-0F46-4946-8572-FE4193487D44}.Release|x64.ActiveCfg = Release|x64
		{A60F8553-0F46-4946-8572-FE4193487D44}.Release|x64.Build.0 = Release|x64
		{A60F8553-0F46-4946-8572-FE4193487D44}.Release|x86.ActiveCfg = Release|Win32
		{A60F8553-0F46-4946-8572-FE4193487D44}.Release|x86.Build.0 = Release|Win32
		{B9DD191D-200C-4556-8A25-CF397B606C4E}.Debug|x64.ActiveCfg = Debug|x64
		{B9DD191D-200C-4556-8A25-CF397B606C4E}.Debug|x64.Build.0 = Debug|x64
		{B9DD191D-200C-4556-8A25-CF397B606C4E}.Debug|x86.ActiveCfg = Debug|Win32
		{B9DD191D-200C-4556-8A25-CF397B606C4E}.Debug|x86.Build.0 = Debug|Win32
		{B9DD191D-200C-4556-8A25-CF397B606C4E}.Release|x64.ActiveCfg = Release|x64
		{B9DD191D-200C-4556-8A25-CF397B606C4E}.Release|x64.Build.0 = Release|x64
		{B9DD191D-200C-4556-8A25-CF397B606C4E}.Release|x86.ActiveCfg = Release|Win32
		{B9DD191D-200C-4556-8A25-CF397B606C4E}.Release|x86.Build.0 = Release|Win32
		{9931E6D7-525C-4133-995A-6026FF6C47EA}.Debug|x64.ActiveCfg = Debug|x64
		{9931E6D7-525C-4133-995A-6026FF6C47EA}.Debug|x64.Build.0 = Debug|x64
		{9931E6D7-525C-4133-995A-6026FF6C47EA}.Debug|x86.ActiveCfg = Debug|Win32
		{9931E6D7-525C-4133-995A-6026FF6C47EA}.Debug|x86.Build.0 = Debug|Win32
		{9931E6D7-525C-4133-995A-6026FF6C47EA}.Release|x64.ActiveCfg = Release|x64
		{9931E6D7-525C-4133-995A-6026FF6C47EA}.Release|x64.Build.0 = Release|x64
		{9931E6D7-525C-4133-995A-6026FF6C47EA}.Release|x86.ActiveCfg = Release|Win32
		{9931E6D7-525C-4133-995A-6026FF6C47EA}.Release|x86.Build.0 = Release|Win32
		{0C99A569-6032-42F1-AFAE-FEE7E9961FA3}.Debug|x64.ActiveCfg = Debug|x64
		{0C99A569-6032-42F1-AFAE-FEE7E9961FA3}.Debug|x64.Build.0 = Debug|x64
		{0C99A569-6032-42F1-AFAE-FEE7E9961FA3}.Debug|x86.ActiveCfg = Debug|Win32
		{0C99A569-6032-42F1-AFAE-FEE7E9961FA3}.Debug|x86.Build.0 = Debug|Win32
		{0C99A569-6032-42F1-AFAE-FEE7E9961FA3}.Release|x64.ActiveCfg = Release|x64
		{0C99A569-6032-42F1-AFAE-FEE7E9961FA3}.Release|x64.Build.0 = Release|x64
		{0C99A569-6032-42F1-AFAE-FEE7E9961FA3}.Release|x86.ActiveCfg = Release|Win32
		{0C99A569-6032-42F1-AFAE-FEE7E9961FA3}.Release|x86.Build.0 = Release|Win32
		{11897929-92C0-4E55-AD00-D71713AD20B3}.Debug|x64.ActiveCfg = Debug|x64
		{11897929-92C0-4E55-AD00-D71713AD20B3}.Debug|x64.Build.0 = Debug|x64
		{11897929-92C0-4E55-AD00-D71713AD20B3}.Debug|x86.ActiveCfg = Debug|Win32
		{11897929-92C0-4E55-AD00-D71713AD20B3}.Debug|x86.Build.0 = Debug|Win32
		{11897929-92C0-4E55-AD00-D71713AD20B3}.Release|x64.ActiveCfg = Release|x64
		{11897929-92C0-4E55-AD00-D71713AD20B3}.Release|x64.Build.0 = Release|x64
		{11897929-92C0-4E55-AD00-D71713AD20B3}.Release|x86.ActiveCfg = Release|Win32
		{11897929-92C0-4E55-AD00-D71713AD20B3}.Release|x86.Build.0 = Release|Win32
		{ACC2F31F-84AF-4F5B-A0EC-5EADDF001C77}.Debug|x64.ActiveCfg = Debug|x64
		{ACC2F31F-84AF-4F5B-A0EC-5EADDF001C77}.Debug|x64.Build.0 = Debug|x64
		{ACC2F31F-84AF-4F5B-A0EC-5EADDF001C77}.Debug|x86.ActiveCfg = Debug|Win32
		{ACC2F31F-84AF-4F5B-A0EC-5EADDF001C77}.Debug|x86.Build.0 = Debug|Win32
		{ACC2F31F-84AF-4F5B-A0EC-5EADDF001C77}.Release|x64.ActiveCfg = Release|x64
		{ACC2F31F-84AF-4F5B-A0EC-5EADDF001C77}.Release|x64.Build.0 = Release|x64
		{ACC2F31F-84AF-4F5B-A0EC-5EADDF001C77}.Release|x86.ActiveCfg = Release|Win32
		{ACC2F31F-84AF-4F5B-A0EC-5EADDF001C77}.Release|x86.Build.0 = Release|Win32
		{45DBBD33-EEF3-4401-894B-2621BAF55BD6}.Debug|x64.ActiveCfg = Debug|x64
		{45DBBD33-EEF3-4401-894B-2621BAF55BD6}.Debug|x64.Build.0 = Debug|x64
		{45DBBD33-EEF3-4401-894B-2621BAF55BD6}.Debug|x86.ActiveCfg = Debug|Win32
		{45DBBD33-EEF3-4401-894B-2621BAF55BD6}.Debug|x86.Build.0 = Debug|Win32
		{45DBBD33-EEF3-4401-894B-2621BAF55BD6}.Release|x64.ActiveCfg = Release|x64
		{45DBBD33-EEF3-4401-894B-2621BAF55BD6}.Release|x64.Build.0 = Release|x64
		{45DBBD33-EEF3-4401-894B-2621BAF55BD6}.Release|x86.ActiveCfg = Release|Win32
		{45DBBD33-EEF3-4401-894B-2621BAF55BD6}.Release|x86.Build.0 = Release|Win32
		{176F6830-4C2E-4F14-8E20-424C1493C85E}.Debug|x64.ActiveCfg = Debug|x64
		{176F6830-4C2E-4F14-8E20-424C1493C85E}.Debug|x64.Build.0 = Debug|x64
		{176F6830-4C2E-4F14-8E20-424C1493C85E}.Debug|x86.ActiveCfg = Debug|Win32
		{176F6830-4C2E-4F14-8E20-424C1493C85E}.Debug|x86.Build.0 = Debug|Win32
		{176F6830-4C2E-4F14-8E20-424C1493C85E}.Release|x64.ActiveCfg = Release|x64
		{176F6830-4C2E-4F14-8E20-424C1493C85E}.Release|x64.Build.0 = Release|x64
		{176F6830-4C2E-4F14-8E20-424C1493C85E}.Release|x86.ActiveCfg = Release|Win32
		{176F6830-4C2E-4F14-8E20-424C1493C85E}.Release|x86.Build.0 = Release|Win32
		{D90C51C2-943D-4EA7-A399-89AA832E36BA}.Debug|x64.ActiveCfg = Debug|x64
		{D90C51C2-943D-4EA7-A399-89AA832E36BA}.Debug|x64.Build.0 = Debug|x64
		{D90C51C2-943D-4EA7-A399-89AA832E36BA}.Debug|x86.ActiveCfg = Debug|Win32
		{D90C51C2-943D-4EA7-A399-89AA832E36BA}.Debug|x86.Build.0 = Debug|Win32
		{D90C51C2-943D-4EA7-A399-89AA832E36BA}.Release|x64.ActiveCfg = Release|x64
		{D90C51C2-943D-4EA7-A399-89AA832E36BA}.Release|x64.Build.0 = Release|x64
		{D90C51C2-943D-4EA7-A399-89AA832E36BA}.Release|x86.ActiveCfg = Release|Win32
		{D90C51C2-943D-4EA7-A399-89AA832E36BA}.Release|x86.Build.0 = Release|Win32
		{F7FD5B8F-8F66-4102-A70A-700FBD987742}.Debug|x64.ActiveCfg = Debug|x64
		{F7FD5B8F-8F66-4102-A70A-700FBD987742}.Debug|x64.Build.0 = Debug|x64
		{F7FD5B8F-8F66-4102-A70A-700FBD987742}.Debug|x86.ActiveCfg = Debug|Win32
		{F7FD5B8F-8F66-4102-A70A-700FBD987742}.Debug|x86.Build.0 = Debug|Win32
		{F7FD5B8F-8F66-4102-A70A-700FBD987742}.Release|x64.ActiveCfg = Release|x64
		{F7FD5B8F-8F66-4102-A70A-700FBD987742}.Release|x64.Build.0 = Release|x64
		{F7FD5B8F-8F66-4102-A70A-700FBD987742}.Release|x86.ActiveCfg = Release|Win32
		{F7FD5B8F-8F66-4102-A70A-700FBD987742}.Release|x86.Build.0 = Release|Win32
		{E43FCECA-96E3-40B4-BDBB-CD8190C56F9B}.Debug|x64.ActiveCfg = Debug|x64
		{E43FCECA-96E3-40B4-BDBB-CD8190C56F9B}.Debug|x64.Build.0 = Debug|x64
		{E43FCECA-96E3-40B4-BDBB-CD8190C56F9B}.Debug|x86.ActiveCfg = Debug|Win32
		{E43FCECA-96E3-40B4-BDBB-CD8190C56F9B}.Debug|x86.Build.0 = Debug|Win32
		{E43FCECA-96E3-40B4-BDBB-CD8190C56F9B}.Release|x64.ActiveCfg = Release|x64
		{E43FCECA-96E3-40B4-BDBB-CD8190C56F9B}.Release|x64.Build.0 = Release|x64
		{E43FCECA-96E3-40B4-BDBB-CD8190C56F9B}.Release|x86.ActiveCfg = Release|Win32
		{E43FCECA-96E3-40B4-BDBB-CD8190C56F9B}.Release|x86.Build.0 = Release|Win32
		{AE4E2CF4-8F07-4266-AEE6-6BFB7A279BCA}.Debug|x64.ActiveCfg = Debug|x64
		{AE4E2CF4-8F07-4266-AEE6-6BFB7A279BCA}.Debug|x64.Build.0 = Debug|x64
		{AE4E2CF4-8F07-4266-AEE6-6BFB7A279BCA}.Debug|x86.ActiveCfg = Debug|Win32
		{AE4E2CF4-8F07-4266-AEE6-6BFB7A279BCA}.Debug|x86.Build.0 = Debug|Win32
		{AE4E2CF4-8F07-4266-AEE6-6BFB7A279BCA}.Release|x64.ActiveCfg = Release|x64
		{AE4E2CF4-8F07-4266-AEE6-6BFB7A279BCA}.Release|x64.Build.0 = Release|x64
		{AE4E2CF4-8F07-4266-AEE6-6BFB7A279BCA}.Release|x86.ActiveCfg = Release|Win32
		{AE4E2CF4-8F07-4266-AEE6-6BFB7A279BCA}.Release|x86.Build.0 = Release|Win32
		{C7BD3D84-1EB9-49AD-81D7-74E769AA51B2}.Debug|x64.ActiveCfg = Debug|x64
		{C7BD3D84-1EB9-49AD-81D7-74E769AA51B2}.Debug|x64.Build.0 = Debug|x64
		{C7BD3D84-1EB9-49AD-81D7-74E769AA51B2}.Debug|x86.ActiveCfg = Debug|Win32
		{C7BD3D84-1EB9-49AD-81D7-74E769AA51B2}.Debug|x86.Build.0 = Debug|Win32
		{C7BD3D84-1EB9-49AD-81D7-74E769AA51B2}.Release|x64.ActiveCfg = Release|x64
		{C7BD3D84-1EB9-49AD-81D7-74E769AA51B2}.Release|x64.Build.0 = Release|x64
		{C7BD3D84-1EB9-49AD-81D7-74E769AA51B2}.Release|x86.ActiveCfg = Release|Win32
		{C7BD3D84-1EB9-49AD-81D7-74E769AA51B2}.Release|x86.Build.0 = Release|Win32
		{66A2803D-7737-4E15-8625-E422FE5F1F7B}.Debug|x64.ActiveCfg = Debug|x64
		{66A2803D-7737-4E15-8625-E422FE5F1F7B}.Debug|x64.Build.0 = Debug|x64
		{66A2803D-7737-4E15-8625-E422FE5F1F7B}.Debug|x86.ActiveCfg = Debug|Win32
		{66A2803D-7737-4E15-8625-E422FE5F1F7B}.Debug|x86.Build.0 = Debug|Win32
		{66A2803D-7737-4E15-8625-E422FE5F1F7B}.Release|x64.ActiveCfg = Release|x64
		{66A2803D-7737-4E15-8625-E422FE5F1F7B}.Release|x64.Build.0 = Release|x64
		{66A2803D-7737-4E15-8625-E422FE5F1F7B}.Release|x86.ActiveCfg = Release|Win32
		{66A2803D-7737-4E15-8625-E422FE5F1F7B}.Release|x86.Build.0 = Release|Win32
		{6452334B-B2D7-44CE-9539-03F3C06A8CB2}.Debug|x64.ActiveCfg = Debug|x64
		{6452334B-B2D7-44CE-9539-03F3C06A8CB2}.Debug|x64.Build.0 = Debug|x64
		{6452334B-B2D7-44CE-9539-03F3C06A8CB2}.Debug|x86.ActiveCfg = Debug|Win32
		{6452334B-B2D7-44CE-9539-03F3C06A8CB2}.Debug|x86.Build.0 = Debug|Win32
		{6452334B-B2D7-44CE-9539-03F3C06A8CB2}.Release|x64.ActiveCfg = Release|x64
		{6452334B-B2D7-44CE-9539-03F3C06A8CB2}.Release|x64.Build.0 = Release|x64
		{6452334B-B2D7-44CE-9539-03F3C06A8CB2}.Release|x86.ActiveCfg = Release|Win32
		{6452334B-B2D7-44CE-9539-03F3C06A8CB2}.Release|x86.Build.0 = Release|Win32
		{CF78015E-45E6-475C-BCAB-655858DB00A1}.Debug|x64.ActiveCfg = Debug|x64
		{CF78015E-45E6-475C-BCAB-655858DB00A1}.Debug|x64.Build.0 = Debug|x64
		{CF78015E-45E6-475C-BCAB-655858DB00A1}.Debug|x86.ActiveCfg = Debug|Win32
		{CF78015E-45E6-475C-BCAB-655858DB00A1}.Debug|x86.Build.0 = Debug|Win32
		{CF78015E-45E6-475C-BCAB-655858DB00A1}.Release|x64.ActiveCfg = Release|x64
		{CF78015E-45E6-475C-BCAB-655858DB00A1}.Release|x64.Build.0 = Release|x64
		{CF78015E-45E6-475C-BCAB-655858DB00A1}.Release|x86.ActiveCfg = Release|Win32
		{CF78015E-45E6-475C-BCAB-655858DB00A1}.Release|x86.Build.0 = Release|Win32
		{B8464121-556B-4962-A1F5-A07DA10DB2A5}.Debug|x64.ActiveCfg = Debug|x64
		{B8464121-556B-4962-A1F5-A07DA10DB2A5}.Debug|x64.Build.0 = Debug|x64
		{B8464121-556B-4962-A1F5-A07DA10DB2A5}.Debug|x86.ActiveCfg = Debug|Win32
		{B8464121-556B-4962-A1F5-A07DA10DB2A5}.Debug|x86.Build.0 = Debug|Win32
		{B8464121-556B-4962-A1F5-A07DA10DB2A5}.Release|x64.ActiveCfg = Release|x64
		{B8464121-556B-4962-A1F5-A07DA10DB2A5}.Release|x64.Build.0 = Release|x64
		{B8464121-556B-4962-A1F5-A07DA10DB2A5}.Release|x86.ActiveCfg = Release|Win32
		{B8464121-556B-4962-A1F5-A07DA10DB2A5}.Release|x86.Build.0 = Release|Win32
		{EEE9A263-4CAD-49EC-8FFB-AAD70C6B0CE8}.Debug|x64.ActiveCfg = Debug|x64
		{EEE9A263-4CAD-49EC-8FFB-AAD70C6B0CE8}.Debug|x64.Build.0 = Debug|x64
		{EEE9A263-4CAD-49EC-8FFB-AAD70C6B0CE8}.Debug|x86.ActiveCfg = Debug|Win32
		{EEE9A263-4CAD-49EC-8FFB-AAD70C6B0CE8}.Debug|x86.Build.0 = Debug|Win32
		{EEE9A263-4CAD-49EC-8FFB-AAD70C6B0CE8}.Release|x64.ActiveCfg = Release|x64
		{EEE9A263-4CAD-49EC-8FFB-AAD70C6B0CE8}.Release|x64.Build.0 = Release|x64
		{EEE9A263-4CAD-49EC-8FFB-AAD70C6B0CE8}.Release|x86.ActiveCfg = Release|Win32
		{EEE9A263-4CAD-49EC-8FFB-AAD70C6B0CE8}.Release|x86.Build.0 = Release|Win32
		{21B3C7EC-B0C0-48CA-B473-72077C53D9F1}.Debug|x64.ActiveCfg = Debug|x64
		{21B3C7EC-B0C0-48CA-B473-72077C53D9F1}.Debug|x64.Build.0 = Debug|x64
		{21B3C7EC-B0C0-48CA-B473-72077C53D9F1}.Debug|x86.ActiveCfg = Debug|Win32
		{21B3C7EC-B0C0-48CA-B473-72077C53D9F1}.Debug|x86.Build.0 = Debug|Win32
		{21B3C7EC-B0C0-48CA-B473-72077C53D9F1}.Release|x64.ActiveCfg = Release|x64
		{21B3C7EC-B0C0-48CA-B473-72077C53D9F1}.Release|x64.Build.0 = Release|x64
		{21B3C7EC-B0C0-48CA-B473-72077C53D9F1}.Release|x86.ActiveCfg = Release|Win32
		{21B3C7EC-B0C0-48CA-B473-72077C53D9F1}.Release|x86.Build.0 = Release|Win32
		{6DA3F08E-6C14-4D3E-A2E9-D94236A8102A}.Debug|x64.ActiveCfg = Debug|x64
		{6DA3F08E-6C14-4D3E-A2E9-D94236A8102A}.Debug|x64.Build.0 = Debug|x64
		{6DA3F08E-6C14-4D3E-A2E9-D94236A8102A}.Debug|x86.ActiveCfg = Debug|Win32
		{6DA3F08E-6C14-4D3E-A2E9-D94236A8102A}.Debug|x86.Build.0 = Debug|Win32
		{6DA3F08E-6C14-4D3E-A2E9-D94236A8102A}.Release|x64.ActiveCfg = Release|x64
		{6DA3F08E-6C14-4D3E-A2E9-D94236A8102A}.Release|x64.Build.0 = Release|x64
		{6DA3F08E-6C14-4D3E-A2E9-D94236A8102A}.Release|x86.ActiveCfg = Release|Win32
		{6DA3F08E-6C14-4D3E-A2E9-D94236A8102A}.Release|x86.Build.0 = Release|Win32
		{838D52CB-92CA-47CE-A8BE-0FBFB7033AD3}.Debug|x64.ActiveCfg = Debug|x64
		{838D52CB-92CA-47CE-A8BE-0FBFB7033AD3}.Debug|x64.Build.0 = Debug|x64
		{838D52CB-92CA-47CE-A8BE-0FBFB7033AD3}.Debug|x86.ActiveCfg = Debug|Win32
		{838D52CB-92CA-47CE-A8BE-0FBFB7033AD3}.Debug|x86.Build.0 = Debug|Win32
		{838D52CB-92CA-47CE-A8BE-0FBFB7033AD3}.Release|x64.ActiveCfg = Release|x64
		{838D52CB-92CA-47CE-A8BE-0FBFB7033AD3}.Release|x64.Build.0 = Release|x64
		{838D52CB-92CA-47CE-A8BE-0FBFB7033AD3}.Release|x86.ActiveCfg = Release|Win32
		{838D52CB-92CA-47CE-A8BE-0FBFB7033AD3}.Release|x86.Build.0 = Release|Win32
		{AAC51354-F046-4937-953A-4DF41B534D67}.Debug|x64.ActiveCfg = Debug|x64
		{AAC51354-F046-4937-953A-4DF41B534D67}.Debug|x64.Build.0 = Debug|x64
		{AAC51354-F046-4937-953A-4DF41B534D67}.Debug|x86.ActiveCfg = Debug|Win32
		{AAC51354-F046-4937-953A-4DF41B534D67}.Debug|x86.Build.0 = Debug|Win32
		{AAC51354-F046-4937-953A-4DF41B534D67}.Release|x64.ActiveCfg = Release|x64
		{AAC51354-F046-4937-953A-4DF41B534D67}.Release|x64.Build.0 = Release|x64
		{AAC51354-F046-4937-953A-4DF41B534D67}.Release|x86.ActiveCfg = Release|Win32
		{AAC51354-F046-4937-953A-4DF41B534D67}.Release|x86.Build.0 = Release|Win32
		{48A6EE25-6714-4F96-81BD-EC12588536AB}.Debug|x64.ActiveCfg = Debug|x64
		{48A6EE25-6714-4F96-81BD-EC12588536AB}.Debug|x64.Build.0 = Debug|x64
		{48A6EE25-6714-4F96-81BD-EC12588536AB}.Debug|x86.ActiveCfg = Debug|Win32
		{48A6EE25-6714-4F96-81BD-EC12588536AB}.Debug|x86.Build.0 = Debug|Win32
		{48A6EE25-6714-4F96-81BD-EC12588536AB}.Release|x64.ActiveCfg = Release|x64
		{48A6EE25-6714-4F96-81BD-EC12588536AB}.Release|x64.Build.0 = Release|x64
		{48A6EE25-6714-4F96-81BD-EC12588536AB}.Release|x86.ActiveCfg = Release|Win32
		{48A6EE25-6714-4F96-81BD-EC12588536AB}.Release|x86.Build.0 = Release|Win32
		{6173A7ED-622A-44E1-B1A6-8C8A9863F559}.Debug|x64.ActiveCfg = Debug|x64
		{6173A7ED-622A-44E1-B1A6-8C8A9863F559}.Debug|x64.Build.0 = Debug|x64
		{6173A7ED-622A-44E1-B1A6-8C8A9863F559}.Debug|x86.ActiveCfg = Debug|Win32
		{6173A7ED-622A-44E1-B1A6-8C8A9863F559}.Debug|x86.Build.0 = Debug|Win32
		{6173A7ED-622A-44E1-B1A6-8C8A9863F559}.Release|x64.ActiveCfg = Release|x64
		{6173A7ED-622A-44E1-B1A6-8C8A9863F559}.Release|x64.Build.0 = Release|x64
		{6173A7ED-622A-44E1-B1A6-8C8A9863F559}.Release|x86.ActiveCfg = Release|Win32
		{6173A7ED-622A-44E1-B1A6-8C8A9863F559}.Release|x86.Build.0 = Release|Win32
		{661A87D7-7A06-4098-B972-F13CCD3AC8F3}.Debug|x64.ActiveCfg = Debug|x64
		{661A87D7-7A06-4098-B972-F13CCD3AC8F3}.Debug|x64.Build.0 = Debug|x64
		{661A87D7-7A06-4098-B972-F13CCD3AC8F3}.Debug|x86.ActiveCfg = Debug|Win32
		{661A87D7-7A06-4098-B972-F13CCD3AC8F3}.Debug|x86.Build.0 = Debug|Win32
		{661A87D7-7A06-4098-B972-F13CCD3AC8F3}.Release|x64.ActiveCfg = Release|x64
		{661A87D7-7A06-4098-B972-F13CCD3AC8F3}.Release|x64.Build.0 = Release|x64
		{661A87D7-7A06-4098-B972-F13CCD3AC8F3}.Release|x86.ActiveCfg = Release|Win32
		{661A87D7-7A06-4098-B972-F13CCD3AC8F3}.Release|x86.Build.0 = Release|Win32
		{9A04EF11-61AE-4695-A80F-AF7F496C6AEB}.Debug|x64.ActiveCfg = Debug|x64
		{9A04EF11-61AE-4695-A80F-AF7F496C6AEB}.Debug|x64.Build.0 = Debug|x64
		{9A04EF11-61AE-4695-A80F-AF7F496C6AEB}.Debug|x86.ActiveCfg = Debug|Win32
		{9A04EF11-61AE-4695-A80F-AF7F496C6AEB}.Debug|x86.Build.0 = Debug|Win32
		{9A04EF11-61AE-4695-A80F-AF7F496C6AEB}.Release|x64.ActiveCfg = Release|x64
		{9A04EF11-61AE-4695-A80F-AF7F496C6AEB}.Release|x64.Build.0 = Release|x64
		{9A04EF11-61AE-4695-A80F-AF7F496C6AEB}.Release|x86.ActiveCfg = Release|Win32
		{9A04EF11-61AE-4695-A80F-AF7F496C6AEB}.Release|x86.Build.0 = Release|Win32
		{7AFC8A99-528D-4121-A5EE-DE09F596F6FE}.Debug|x64.ActiveCfg = Debug|x64
		{7AFC8A99-528D-4121-A5EE-DE09F596F6FE}.Debug|x64.Build.0 = Debug|x64
		{7AFC8A99-528D-4121-A5EE-DE09F596F6FE}.Debug|x86.ActiveCfg = Debug|Win32
		{7AFC8A99-528D-4121-A5EE-DE09F596F6FE}.Debug|x86.Build.0 = Debug|Win32
		{7AFC8A99-528D-4121-A5EE-DE09F596F6FE}.Release|x64.ActiveCfg = Release|x64
		{7AFC8A99-528D-4121-A5EE-DE09F596F6FE}.Release|x64.Build.0 = Release|x64
		{7AFC8A99-528D-4121-A5EE-DE09F596F6FE}.Release|x86.ActiveCfg = Release|Win32
		{7AFC8A99-528D-4121-A5EE-DE09F596F6FE}.Release|x86.Build.0 = Release|Win32
		{07D1AFA9-F96B-46F3-B4C3-355F6FC73338}.Debug|x64.ActiveCfg = Debug|x64
		{07D1AFA9-F96B-46F3-B4C3-355F6FC73338}.Debug|x64.Build.0 = Debug|x64
		{07D1AFA9-F96B-46F3-B4C3-355F6FC73338}.Debug|x86.ActiveCfg = Debug|Win32
		{07D1AFA9-F96B-46F3-B4C3-355F6FC73338}.Debug|x86.Build.0 = Debug|Win32
		{07D1AFA9-F96B-46F3-B4C3-355F6FC73338}.Release|x64.ActiveCfg = Release|x64
		{07D1AFA9-F96B-46F3-B4C3-355F6FC73338}.Release|x64.Build.0 = Release|x64
		{07D1AFA9-F96B-46F3-B4C3-355F6FC73338}.Release|x86.ActiveCfg = Release|Win32
		{07D1AFA9-F96B-46F3-B4C3-355F6FC73338}.Release|x86.Build.0 = Release|Win32
		{A0A29F72-2A02-4C22-8D84-EC5C3DB8690E}.Debug|x64.ActiveCfg = Debug|x64
		{A0A29F72-2A02-4C22-8D84-EC5C3DB8690E}.Debug|x64.Build.0 = Debug|x64
		{A0A29F72-2A02-4C22-8D84-EC5C3DB8690E}.Debug|x86.ActiveCfg = Debug|Win32
		{A0A29F72-2A02-4C22-8D84-EC5C3DB8690E}.Debug|x86.Build.0 = Debug|Win32
		{A0A29F72-2A02-4C22-8D84-EC5C3DB8690E}.Release|x64.ActiveCfg = Release|x64
		{A0A29F72-2A02-4C22-8D84-EC5C3DB8690E}.Release|x64.Build.0 = Release|x64
		{A0A29F72-2A02-4C22-8D84-EC5C3DB8690E}.Release|x86.ActiveCfg = Release|Win32
		{A0A29F72-2A02-4C22-8D84-EC5C3DB8690E}.Release|x86.Build.0 = Release|Win32
		{7259E4E3-64E4-444C-B18D-EB245FE6FE06}.Debug|x64.ActiveCfg = Debug|x64
		{7259E4E3-64E4-444C-B18D-EB245FE6FE06}.Debug|x64.Build.0 = Debug|x64
		{7259E4E3-64E4-444C-B18D-EB245FE6FE06}.Debug|x86.ActiveCfg = Debug|Win32
		{7259E4E3-64E4-444C-B18D-EB245FE6FE06}.Debug|x86.Build.0 = Debug|Win32
		{7259E4E3-64E4-444C-B18D-EB245FE6FE06}.Release|x64.ActiveCfg = Release|x64
		{7259E4E3-64E4-444C-B18D-EB245FE6FE06}.Release|x64.Build.0 = Release|x64
		{7259E4E3-64E4-444C-B18D-EB245FE6FE06}.Release|x86.ActiveCfg = Release|Win32
		{7259E4E3-64E4-444C-B18D-EB245FE6FE06}.Release|x86.Build.0 = Release|Win32
		{3538017E-D7B8-4CA1-8E90-EB60950DCE0B}.Debug|x64.ActiveCfg = Debug|x64
		{3538017E-D7B8-4CA1-8E90-EB60950DCE0B}.Debug|x64.Build.0 = Debug|x64
		{3538017E-D7B8-4CA1-8E90-EB60950DCE0B}.Debug|x86.ActiveCfg = Debug|Win32
		{3538017E-D7B8-4CA1-8E90-EB60950DCE0B}.Debug|x86.Build.0 = Debug|Win32
		{3538017E-D7B8-4CA1-8E90-EB60950DCE0B}.Release|x64.ActiveCfg = Release|x64
		{3538017E-D7B8-4CA1-8E90-EB60950DCE0B}.Release|x64.Build.0 = Release|x64
		{3538017E-D7B8-4CA1-8E90-EB60950DCE0B}.Release|x86.ActiveCfg = Release|Win32
		{3538017E-D7B8-4CA1-8E90-EB60950DCE0B}.Release|x86.Build.0 = Release|Win32
		{C2BFA5BC-739E-4616-BC25-0B7B4F6326D2}.Debug|x64.ActiveCfg = Debug|x64
		{C2BFA5BC-739E-4616-BC25-0B7B4F6326D2}.Debug|x64.Build.0 = Debug|x64
		{C2BFA5BC-739E-4616-BC25-0B7B4F6326D2}.Debug|x86.ActiveCfg = Debug|Win32
		{C2BFA5BC-739E-4616-BC25-0B7B4F6326D2}.Debug|x86.Build.0 = Debug|Win32
		{C2BFA5BC-739E-4616-BC25-0B7B4F6326D2}.Release|x64.ActiveCfg = Release|x64
		{C2BFA5BC-739E-4616-BC25-0B7B4F6326D2}.Release|x64.Build.0 = Release|x64
		{C2BFA5BC-739E-4616-BC25-0B7B4F6326D2}.Release|x86.ActiveCfg = Release|Win32
		{C2BFA5BC-739E-4616-BC25-0B7B4F6326D2}.Release|x86.Build.0 = Release|Win32
		{413BA610-FC65-4345-BB47-A29B0E7A6C1C}.Debug|x64.ActiveCfg = Debug|x64
		{413BA610-FC65-4345-BB47-A29B0E7A6C1C}.Debug|x64.Build.0 = Debug|x64
		{413BA610-FC65-4345-BB47-A29B0E7A6C1C}.Debug|x86.ActiveCfg = Debug|Win32
		{413BA610-FC65-4345-BB47-A29B0E7A6C1C}.Debug|x86.Build.0 = Debug|Win32
		{413BA610-FC65-4345-BB47-A29B0E7A6C1C}.Release|x64.ActiveCfg = Release|x64
		{413BA610-FC65-4345-BB47-A29B0E7A6C1C}.Release|x64.Build.0 = Release|x64
		{413BA610-FC65-4345-BB47-A29B0E7A6C1C}.Release|x86.ActiveCfg = Release|Win32
		{413BA610-FC65-4345-BB47-A29B0E7A6C1C}.Release|x86.Build.0 = Release|Win32
		{7B9848BF-8A70-4404-AE18-456597085C03}.Debug|x64.ActiveCfg = Debug|x64
		{7B9848BF-8A70-4404-AE18-456597085C03}.Debug|x64.Build.0 = Debug|x64
		{7B9848BF-8A70-4404-AE18-456597085C03}.Debug|x86.ActiveCfg = Debug|Win32
		{7B9848BF-8A70-4404-AE18-456597085C03}.Debug|x86.Build.0 = Debug|Win32
		{7B9848BF-8A70-4404-AE18-456597085C03}.Release|x64.ActiveCfg = Release|x64
		{7B9848BF-8A70-4404-AE18-456597085C03}.Release|x64.Build.0 = Release|x64
		{7B9848BF-8A70-4404-AE18-456597085C03}.Release|x86.ActiveCfg = Release|Win32
		{7B9848BF-8A70-4404-AE18-456597085C03}.Release|x86.Build.0 = Release|Win32
		{FCC0E9D7-891C-4BB9-B3CF-2C89968A6A59}.Debug|x64.ActiveCfg = Debug|x64
		{FCC0E9D7-891C-4BB9-B3CF-2C89968A6A59}.Debug|x64.Build.0 = Debug|x64
		{FCC0E9D7-891C-4BB9-B3CF-2C89968A6A59}.Debug|x86.ActiveCfg = Debug|Win32
		{FCC0E9D7-891C-4BB9-B3CF-2C89968A6A59}.Debug|x86.Build.0 = Debug|Win32
		{FCC0E9D7-891C-4BB9-B3CF-2C89968A6A59}.Release|x64.ActiveCfg = Release|x64
		{FCC0E9D7-891C-4BB9-B3CF-2C89968A6A59}.Release|x64.Build.0 = Release|x64
		{FCC0E9D7-891C-4BB9-B3CF-2C89968A6A59}.Release|x86.ActiveCfg = Release|Win32
		{FCC0E9D7-891C-4BB9-B3CF-2C89968A6A59}.Release|x86.Build.0 = Release|Win32
		{84F02F7D-5A34-4BE0-AEF1-51AA47291989}.Debug|x64.ActiveCfg = Debug|x64
		{84F02F7D-5A34-4BE0-AEF1-51AA47291989}.Debug|x64.Build.0 = Debug|x64
		{84F02F7D-5A34-4BE0-AEF1-51AA47291989}.Debug|x86.ActiveCfg = Debug|Win32
		{84F02F7D-5A34-4BE0-AEF1-51AA47291989}.Debug|x86.Build.0 = Debug|Win32
		{84F02F7D-5A34-4BE0-AEF1-51AA47291989}.Release|x64.ActiveCfg = Release|x64
		{84F02F7D-5A34-4BE0-AEF1-51AA47291989}.Release|x64.Build.0 = Release|x64
		{84F02F7D-5A34-4BE0-AEF1-51AA47291989}.Release|x86.ActiveCfg = Release|Win32
		{84F02F7D-5A34-4BE0-AEF1-51AA47291989}.Release|x86.Build.0 = Release|Win32
		{027398B0-8198-4E7E-A2CF-9491F6A99D8A}.Debug|x64.ActiveCfg = Debug|x64
		{027398B0-8198-4E7E-A2CF-9491F6A99D8A}.Debug|x64.Build.0 = Debug|x64
		{027398B0-8198-4E7E-A2CF-9491F6A99D8A}.Debug|x86.ActiveCfg = Debug|Win32
		{027398B0-8198-4E7E-A2CF-9491F6A99D8A}.Debug|x86.Build.0 = Debug|Win32
		{027398B0-8198-4E7E-A2CF-9491F6A99D8A}.Release|x64.ActiveCfg = Release|x64
		{027398B0-8198-4E7E-A2CF-9491F6A99D8A}.Release|x64.Build.0 = Release|x64
		{027398B0-8198-4E7E-A2CF-9491F6A99D8A}.Release|x86.ActiveCfg = Release|Win32
		{027398B0-8198-4E7E-A2CF-9491F6A99D8A}.Release|x86.Build.0 = Release|Win32
		{3C8DDDE8-954D-4282-B0CA-B01F4E330324}.Debug|x64.ActiveCfg = Debug|x64
		{3C8DDDE8-954D-4282-B0CA-B01F4E330324}.Debug|x64.Build.0 = Debug|x64
		{3C8DDDE8-954D-4282-B0CA-B01F4E330324}.Debug|x86.ActiveCfg = Debug|Win32
		{3C8DDDE8-954D-4282-B0CA-B01F4E330324}.Debug|x86.Build.0 = Debug|Win32
		{3C8DDDE8-954D-4282-B0CA-B01F4E330324}.Release|x64.ActiveCfg = Release|x64
		{3C8DDDE8-954D-4282-B0CA-B01F4E330324}.Release|x64.Build.0 = Release|x64
		{3C8DDDE8-954D-4282-B0CA-B01F4E330324}.Release|x86.ActiveCfg = Release|Win32
		{3C8DDDE8-954D-4282-B0CA-B01F4E330324}.Release|x86.Build.0 = Release|Win32
		{FF9655B4-4525-45D8-80F8-330F21D62845}.Debug|x64.ActiveCfg = Debug|x64
		{FF9655B4-4525-45D8-80F8-330F21D62845}.Debug|x64.Build.0 = Debug|x64
		{FF9655B4-4525-45D8-80F8-330F21D62845}.Debug|x86.ActiveCfg = Debug|Win32
		{FF9655B4-4525-45D8-80F8-330F21D62845}.Debug|x86.Build.0 = Debug|Win32
		{FF9655B4-4525-45D8-80F8-330F21D62845}.Release|x64.ActiveCfg = Release|x64
		{FF9655B4-4525-45D8-80F8-330F21D62845}.Release|x64.Build.0 = Release|x64
		{FF9655B4-4525-45D8-80F8-330F21D62845}.Release|x86.ActiveCfg = Release|Win32
		{FF9655B4-4525-45D8-80F8-330F21D62845}.Release|x86.Build.0 = Release|Win32
		{9D4F160B-A679-40B6-BD5E-1E4D13C62DC9}.Debug|x64.ActiveCfg = Debug|x64
		{9D4F160B-A679-40B6-BD5E-1E4D13C62DC9}.Debug|x64.Build.0 = Debug|x64
		{9D4F160B-A679-40B6-BD5E-1E4D13C62DC9}.Debug|x86.ActiveCfg = Debug|Win32
		{9D4F160B-A679-40B6-BD5E-1E4D13C62DC9}.Debug|x86.Build.0 = Debug|Win32
		{9D4F160B-A679-40B6-BD5E-1E4D13C62DC9}.Release|x64.ActiveCfg = Release|x64
		{9D4F160B-A679-40B6-BD5E-1E4D13C62DC9}.Release|x64.Build.0 = Release|x64
		{9D4F160B-A679-40B6-BD5E-1E4D13C62DC9}.Release|x86.ActiveCfg = Release|Win32
		{9D4F160B-A679-40B6-BD5E-1E4D13C62DC9}.Release|x86.Build.0 = Release|Win32
		{E5F66870-4005-4D96-BE91-45C037D5E1CB}.Debug|x64.ActiveCfg = Debug|x64
		{E5F66870-4005-4D96-BE91-45C037D5E1CB}.Debug|x64.Build.0 = Debug|x64
		{E5F66870-4005-4D96-BE91-45C037D5E1CB}.Debug|x86.ActiveCfg = Debug|Win32
		{E5F66870-4005-4D96-BE91-45C037D5E1CB}.Debug|x86.Build.0 = Debug|Win32
		{E5F66870-4005-4D96-BE91-45C037D5E1CB}.Release|x64.ActiveCfg = Release|x64
		{E5F66870-4005-4D96-BE91-45C037D5E1CB}.Release|x64.Build.0 = Release|x64
		{E5F66870-4005-4D96-BE91-45C037D5E1CB}.Release|x86.ActiveCfg = Release|Win32
		{E5F66870-4005-4D96-BE91-45C037D5E1CB}.Release|x86.Build.0 = Release|Win32
	EndGlobalSection
	GlobalSection(SolutionProperties) = preSolution
		HideSolutionNode = FALSE
	EndGlobalSection
	GlobalSection(ExtensibilityGlobals) = postSolution
		SolutionGuid = {DAB66054-370F-4086-A5A7-C6B1D791C7F1}
	EndGlobalSection
EndGlobal
